{
  "version": 2,
  "dependencies": {
    "net10.0": {
      "EPiServer.CMS.AspNetCore.HtmlHelpers": {
        "type": "Direct",
        "requested": "[12.4.0, 13.0.0)",
        "resolved": "12.4.0",
        "contentHash": "MsOCtuAdu494+4eioqf2tzrRHBladcjdElTdXE2vZpaBsfQjl1gWAURGzV3a8VU7G1F2q9UZneUU4TK/RqkPLw==",
        "dependencies": {
          "EPiServer.CMS.AspNetCore.Mvc": "[12.4.0]"
        }
      },
      "GitVersion.MsBuild": {
        "type": "Direct",
        "requested": "[6.5.0, )",
        "resolved": "6.5.0",
        "contentHash": "OYBNhjZd8GcUusZWkoVCSFNujzG9fINpWi59YCax+6DXLJciu1RNC+TXSspgrACR6FMUdVDNqKNMHzB7B+X+jQ=="
      },
      "Azure.Core": {
        "type": "Transitive",
        "resolved": "1.35.0",
        "contentHash": "hENcx03Jyuqv05F4RBEPbxz29UrM3Nbhnr6Wl6NQpoU9BCIbL3XLentrxDCTrH54NLS11Exxi/o8MYgT/cnKFA==",
        "dependencies": {
          "Microsoft.Bcl.AsyncInterfaces": "1.1.1",
          "System.Memory.Data": "1.0.2"
        }
      },
      "Castle.Core": {
        "type": "Transitive",
        "resolved": "4.4.1",
        "contentHash": "zanbjWC0Y05gbx4eGXkzVycOQqVOFVeCjVsDSyuao9P4mtN1w3WxxTo193NGC7j3o2u3AJRswaoC6hEbnGACnQ==",
        "dependencies": {
          "NETStandard.Library": "1.6.1"
        }
      },
      "Castle.Windsor": {
        "type": "Transitive",
        "resolved": "5.1.1",
        "contentHash": "m1YCo+V+MHUqJV7+KtXlNYig93tEAnPdPevIHi8hVqV8/ceF82Nqe8vS1ROQ25nweTcxYgkrLHwhvJsH2SFwZA==",
        "dependencies": {
          "Castle.Core": "4.4.1",
          "Microsoft.Extensions.DependencyModel": "1.1.2",
          "NETStandard.Library": "1.6.1"
        }
      },
      "EPiServer.CMS.AspNetCore.Mvc": {
        "type": "Transitive",
        "resolved": "12.4.0",
        "contentHash": "DLBGoE0uygVQ9eCZQXlFwsFOf8tOtJbl+Bll+L07CQRZ2w2OGaf5tojF9xLd9BCCDrLv+fz3IOIu3JQiYmSLyw==",
        "dependencies": {
          "EPiServer.CMS.AspNetCore.Routing": "[12.4.0]"
        }
      },
      "EPiServer.CMS.AspNetCore.Routing": {
        "type": "Transitive",
        "resolved": "12.4.0",
        "contentHash": "RTBrfd9hLOvOlnzg9WHZcSvXVwtTLfQW2lRLQsVbX1R3Ek/hcvbVh5vjhy+MrzKvjw9zdYe8FX09kYEE9kNqIA==",
        "dependencies": {
          "EPiServer.CMS.AspNetCore.Templating": "[12.4.0]"
        }
      },
      "EPiServer.Framework": {
        "type": "Transitive",
        "resolved": "12.4.0",
        "contentHash": "CcJoYT3GzCntvUPIhrZWDD8GXrevJlmQwnmzFZ2nGrGg0K0+EeU085kfpF/KFQkjr4R6tng5nOWmn0uRjfT1nQ==",
        "dependencies": {
          "Microsoft.Data.SqlClient": "[4.0.0, 5.0.0)",
          "Newtonsoft.Json": "[13.0.1, 14.0.0)",
          "System.Security.Cryptography.Xml": "[6.0.0, 7.0.0)",
          "System.Security.Permissions": "[6.0.0, 7.0.0)",
          "System.Threading.AccessControl": "[6.0.0, 7.0.0)"
        }
      },
      "EPiServer.Framework.AspNetCore": {
        "type": "Transitive",
        "resolved": "12.4.0",
        "contentHash": "BVit09P9KMg85wzs11tsBOp9AFA9rraKd0jQYmXmUtP2liEGFBwcN2r1vBLbr7j13r8ULaATWvtRHTiIuub4tQ==",
        "dependencies": {
          "EPiServer.Framework": "[12.4.0]",
          "Microsoft.Extensions.DependencyInjection": "[6.0.0, 7.0.0)",
          "Microsoft.Extensions.DependencyModel": "[6.0.0, 7.0.0)",
          "Microsoft.Extensions.FileProviders.Abstractions": "[6.0.0, 7.0.0)"
        }
      },
      "MailKit": {
        "type": "Transitive",
        "resolved": "2.10.1",
        "contentHash": "CG0utzggjYutAzlOnuY+2yS2HGL4WFTbAYtU73vBSGdHKMXNRnVy9onITGqz1Rmmq5Q63de/ZJBXzNyNPCx9Mw==",
        "dependencies": {
          "MimeKit": "2.10.1"
        }
      },
      "Microsoft.AspNetCore.JsonPatch": {
        "type": "Transitive",
        "resolved": "6.0.1",
        "contentHash": "vLgQbgudEQfGNaGyAvm+jlfLHu5Ynav8/RnhwM0QaKFjVW2crEOGm7tRHHjM5iofF8VZnEYfyvUvyK82dBej1w==",
        "dependencies": {
          "Newtonsoft.Json": "13.0.1"
        }
      },
      "Microsoft.AspNetCore.Mvc.NewtonsoftJson": {
        "type": "Transitive",
        "resolved": "6.0.1",
        "contentHash": "UMMDrtDzY1tug3Q6RFmgtknJ65nj3IxI/iVqrRFwKDIeiiBc8DMfxS1cZPWfaGmPfVulgaa8qHvQijaLpa8p7Q==",
        "dependencies": {
          "Microsoft.AspNetCore.JsonPatch": "6.0.1",
          "Newtonsoft.Json": "13.0.1",
          "Newtonsoft.Json.Bson": "1.0.2"
        }
      },
      "Microsoft.Bcl.AsyncInterfaces": {
        "type": "Transitive",
        "resolved": "1.1.1",
        "contentHash": "yuvf07qFWFqtK3P/MRkEKLhn5r2UbSpVueRziSqj0yJQIKFwG1pq9mOayK3zE5qZCTs0CbrwL9M6R8VwqyGy2w=="
      },
      "Microsoft.Data.SqlClient.SNI.runtime": {
        "type": "Transitive",
        "resolved": "4.0.1",
        "contentHash": "oH/lFYa8LY9L7AYXpPz2Via8cgzmp/rLhcsZn4t4GeEL5hPHPbXjSTBMl5qcW84o0pBkAqP/dt5mCzS64f6AZg=="
      },
      "Microsoft.Extensions.DependencyInjection": {
        "type": "Transitive",
        "resolved": "6.0.0",
        "contentHash": "k6PWQMuoBDGGHOQTtyois2u4AwyVcIwL2LaSLlTZQm2CYcJ1pxbt6jfAnpWmzENA/wfrYRI/X9DTLoUkE4AsLw==",
        "dependencies": {
          "Microsoft.Extensions.DependencyInjection.Abstractions": "6.0.0"
        }
      },
      "Microsoft.Extensions.DependencyInjection.Abstractions": {
        "type": "Transitive",
        "resolved": "6.0.0",
        "contentHash": "xlzi2IYREJH3/m6+lUrQlujzX8wDitm4QGnUu6kUXTQAWPuZY8i+ticFJbzfqaetLA6KR/rO6Ew/HuYD+bxifg=="
      },
      "Microsoft.Extensions.DependencyModel": {
        "type": "Transitive",
        "resolved": "6.0.0",
        "contentHash": "TD5QHg98m3+QhgEV1YVoNMl5KtBw/4rjfxLHO0e/YV9bPUBDKntApP4xdrVtGgCeQZHVfC2EXIGsdpRNrr87Pg=="
      },
      "Microsoft.Extensions.FileProviders.Abstractions": {
        "type": "Transitive",
        "resolved": "6.0.0",
        "contentHash": "0pd4/fho0gC12rQswaGQxbU34jOS1TPS8lZPpkFCH68ppQjHNHYle9iRuHeev1LhrJ94YPvzcRd8UmIuFk23Qw==",
        "dependencies": {
          "Microsoft.Extensions.Primitives": "6.0.0"
        }
      },
      "Microsoft.Extensions.Primitives": {
        "type": "Transitive",
        "resolved": "6.0.0",
        "contentHash": "9+PnzmQFfEFNR9J2aDTfJGGupShHjOuGw4VUv+JB044biSHrnmCIMD+mJHmb2H7YryrfBEXDurxQ47gJZdCKNQ=="
      },
      "Microsoft.Identity.Client.Extensions.Msal": {
        "type": "Transitive",
        "resolved": "2.31.0",
        "contentHash": "IhGSqN0szneKC5Qk3/okJQJbDpQfLW/+mvslhzJPox4t2UuIkA2ZHe4w/z62ASye46G9sQWF9qqLXTgNacE2xQ==",
        "dependencies": {
          "Microsoft.Identity.Client": "4.54.1",
          "System.IO.FileSystem.AccessControl": "5.0.0",
          "System.Security.Cryptography.ProtectedData": "4.5.0"
        }
      },
      "Microsoft.IdentityModel.Abstractions": {
        "type": "Transitive",
        "resolved": "6.22.0",
        "contentHash": "iI+9V+2ciCrbheeLjpmjcqCnhy+r6yCoEcid3nkoFWerHgjVuT6CPM4HODUTtUPe1uwks4wcnAujJ8u+IKogHQ=="
      },
      "Microsoft.IdentityModel.JsonWebTokens": {
        "type": "Transitive",
        "resolved": "6.8.0",
        "contentHash": "+7JIww64PkMt7NWFxoe4Y/joeF7TAtA/fQ0b2GFGcagzB59sKkTt/sMZWR6aSZht5YC7SdHi3W6yM1yylRGJCQ==",
        "dependencies": {
          "Microsoft.IdentityModel.Tokens": "6.8.0"
        }
      },
      "Microsoft.IdentityModel.Logging": {
        "type": "Transitive",
        "resolved": "6.8.0",
        "contentHash": "Rfh/p4MaN4gkmhPxwbu8IjrmoDncGfHHPh1sTnc0AcM/Oc39/fzC9doKNWvUAjzFb8LqA6lgZyblTrIsX/wDXg=="
      },
      "Microsoft.IdentityModel.Protocols": {
        "type": "Transitive",
        "resolved": "6.8.0",
        "contentHash": "OJZx5nPdiH+MEkwCkbJrTAUiO/YzLe0VSswNlDxJsJD9bhOIdXHufh650pfm59YH1DNevp3/bXzukKrG57gA1w==",
        "dependencies": {
          "Microsoft.IdentityModel.Logging": "6.8.0",
          "Microsoft.IdentityModel.Tokens": "6.8.0"
        }
      },
      "Microsoft.IdentityModel.Protocols.OpenIdConnect": {
        "type": "Transitive",
        "resolved": "6.8.0",
        "contentHash": "X/PiV5l3nYYsodtrNMrNQIVlDmHpjQQ5w48E+o/D5H4es2+4niEyQf3l03chvZGWNzBRhfSstaXr25/Ye4AeYw==",
        "dependencies": {
          "Microsoft.IdentityModel.Protocols": "6.8.0",
          "System.IdentityModel.Tokens.Jwt": "6.8.0"
        }
      },
      "Microsoft.IdentityModel.Tokens": {
        "type": "Transitive",
        "resolved": "6.8.0",
        "contentHash": "gTqzsGcmD13HgtNePPcuVHZ/NXWmyV+InJgalW/FhWpII1D7V1k0obIseGlWMeA4G+tZfeGMfXr0klnWbMR/mQ==",
        "dependencies": {
          "Microsoft.IdentityModel.Logging": "6.8.0"
        }
      },
      "Microsoft.NETCore.Platforms": {
        "type": "Transitive",
        "resolved": "1.1.0",
        "contentHash": "kz0PEW2lhqygehI/d6XsPCQzD7ff7gUJaVGPVETX611eadGsA3A877GdSlU0LRVMCTH/+P3o2iDTak+S08V2+A=="
      },
      "Microsoft.Win32.SystemEvents": {
        "type": "Transitive",
        "resolved": "6.0.0",
        "contentHash": "hqTM5628jSsQiv+HGpiq3WKBl2c8v1KZfby2J6Pr7pEPlK9waPdgEO6b8A/+/xn/yZ9ulv8HuqK71ONy2tg67A=="
      },
      "MimeKit": {
        "type": "Transitive",
        "resolved": "2.10.1",
        "contentHash": "rBpIsOdgpMvcNraBDgQSSNCk/MVxxFv7VX2Qq1WnFJ4AnvjIU+r12gaKs6r+SRvCEZWvC5CQlKHuoQbIbO/brA==",
        "dependencies": {
          "Portable.BouncyCastle": "1.8.8",
          "System.Reflection.TypeExtensions": "4.4.0",
          "System.Security.Cryptography.Pkcs": "4.7.0"
        }
      },
      "NETStandard.Library": {
        "type": "Transitive",
        "resolved": "1.6.1",
        "contentHash": "WcSp3+vP+yHNgS8EV5J7pZ9IRpeDuARBPN28by8zqff1wJQXm26PVU8L3/fYLBJVU7BtDyqNVWq2KlCVvSSR4A==",
        "dependencies": {
          "Microsoft.NETCore.Platforms": "1.1.0"
        }
      },
      "Newtonsoft.Json": {
        "type": "Transitive",
        "resolved": "13.0.1",
        "contentHash": "ppPFpBcvxdsfUonNcvITKqLl3bqxWbDCZIzDWHzjpdAHRFfZe0Dw9HmA0+za13IdyrgJwpkDTDA9fHaxOrt20A=="
      },
      "Newtonsoft.Json.Bson": {
        "type": "Transitive",
        "resolved": "1.0.2",
        "contentHash": "QYFyxhaABwmq3p/21VrZNYvCg3DaEoN/wUuw5nmfAf0X3HLjgupwhkEWdgfb9nvGAUIv3osmZoD3kKl4jxEmYQ==",
        "dependencies": {
          "Newtonsoft.Json": "12.0.1"
        }
      },
      "Portable.BouncyCastle": {
        "type": "Transitive",
        "resolved": "1.8.8",
        "contentHash": "1rxdf8NfyAxLlqIEciCl/yNhmz1YiLkmp6rrF8p3/NVmyHHzPWLx8djtDvSAwhPLg64BXvsRcM3+5bP1HAUdYg=="
      },
      "System.Configuration.ConfigurationManager": {
        "type": "Transitive",
        "resolved": "5.0.0",
        "contentHash": "aM7cbfEfVNlEEOj3DsZP+2g9NRwbkyiAv2isQEzw7pnkDg9ekCU2m1cdJLM02Uq691OaCS91tooaxcEn8d0q5w==",
        "dependencies": {
          "System.Security.Cryptography.ProtectedData": "5.0.0",
          "System.Security.Permissions": "5.0.0"
        }
      },
      "System.Drawing.Common": {
        "type": "Transitive",
        "resolved": "6.0.0",
        "contentHash": "NfuoKUiP2nUWwKZN6twGqXioIe1zVD0RIj2t976A+czLHr2nY454RwwXs6JU9Htc6mwqL6Dn/nEL3dpVf2jOhg==",
        "dependencies": {
          "Microsoft.Win32.SystemEvents": "6.0.0"
        }
      },
      "System.IdentityModel.Tokens.Jwt": {
        "type": "Transitive",
        "resolved": "6.8.0",
        "contentHash": "5tBCjAub2Bhd5qmcd0WhR5s354e4oLYa//kOWrkX+6/7ZbDDJjMTfwLSOiZ/MMpWdE4DWPLOfTLOq/juj9CKzA==",
        "dependencies": {
          "Microsoft.IdentityModel.JsonWebTokens": "6.8.0",
          "Microsoft.IdentityModel.Tokens": "6.8.0"
        }
      },
      "System.IO.FileSystem.AccessControl": {
        "type": "Transitive",
        "resolved": "5.0.0",
        "contentHash": "SxHB3nuNrpptVk+vZ/F+7OHEpoHUIKKMl02bUmYHQr1r+glbZQxs7pRtsf4ENO29TVm2TH3AEeep2fJcy92oYw=="
      },
      "System.Memory.Data": {
        "type": "Transitive",
        "resolved": "1.0.2",
        "contentHash": "JGkzeqgBsiZwKJZ1IxPNsDFZDhUvuEdX8L8BDC8N3KOj+6zMcNU28CNN59TpZE/VJYy9cP+5M+sbxtWJx3/xtw=="
      },
      "System.Reflection.TypeExtensions": {
        "type": "Transitive",
        "resolved": "4.4.0",
        "contentHash": "dkmh/ySlwnXJp/1qYP9uyKkCK1CXR/REFzl7abHcArxBcV91mY2CgrrzSRA5Z/X4MevJWwXsklGRdR3A7K9zbg=="
      },
      "System.Runtime.Caching": {
        "type": "Transitive",
        "resolved": "5.0.0",
        "contentHash": "30D6MkO8WF9jVGWZIP0hmCN8l9BTY4LCsAzLIe4xFSXzs+AjDotR7DpSmj27pFskDURzUvqYYY0ikModgBTxWw==",
        "dependencies": {
          "System.Configuration.ConfigurationManager": "5.0.0"
        }
      },
      "System.Security.Cryptography.ProtectedData": {
        "type": "Transitive",
        "resolved": "5.0.0",
        "contentHash": "HGxMSAFAPLNoxBvSfW08vHde0F9uh7BjASwu6JF9JnXuEPhCY3YUqURn0+bQV/4UWeaqymmrHWV+Aw9riQCtCA=="
      },
      "System.Security.Cryptography.Xml": {
        "type": "Transitive",
        "resolved": "6.0.0",
        "contentHash": "puJ4UCh9JVRwOCyCIcq71JY6Axr8Sp8E2GjTIU1Fj8hm4+oX6NEoyGFGa/+pBG8SrVxbQPSj7hvtaREyTHHsmw==",
        "dependencies": {
          "System.Security.Cryptography.Pkcs": "6.0.0"
        }
      },
      "System.Security.Permissions": {
        "type": "Transitive",
        "resolved": "6.0.0",
        "contentHash": "T/uuc7AklkDoxmcJ7LGkyX1CcSviZuLCa4jg3PekfJ7SU0niF0IVTXwUiNVP9DSpzou2PpxJ+eNY2IfDM90ZCg==",
        "dependencies": {
          "System.Windows.Extensions": "6.0.0"
        }
      },
      "System.Threading.AccessControl": {
        "type": "Transitive",
        "resolved": "6.0.0",
        "contentHash": "2258mqWesMch/xCpcnjJBgJP33yhpZLGLbEOm01qwq0efG4b+NG8c9sxYOWNxmDQ82swXrnQRl1Yp2wC1NrfZA=="
      },
      "System.Threading.Tasks.Dataflow": {
        "type": "Transitive",
        "resolved": "6.0.0",
        "contentHash": "+tyDCU3/B1lDdOOAJywHQoFwyXIUghIaP2BxG79uvhfTnO+D9qIgjVlL/JV2NTliYbMHpd6eKDmHp2VHpij7MA=="
      },
      "System.Windows.Extensions": {
        "type": "Transitive",
        "resolved": "6.0.0",
        "contentHash": "IXoJOXIqc39AIe+CIR7koBtRGMiCt/LPM3lI+PELtDIy9XdyeSrwXFdWV9dzJ2Awl0paLWUaknLxFQ5HpHZUog==",
        "dependencies": {
          "System.Drawing.Common": "6.0.0"
        }
      },
      "davidhome.rssfeed": {
        "type": "Project",
        "dependencies": {
          "DavidHome.RssFeed.Contracts": "[1.0.0, )",
          "DavidHome.RssFeed.Models": "[1.0.0, )",
          "System.ServiceModel.Syndication": "[10.0.0, )"
        }
      },
      "davidhome.rssfeed.contracts": {
        "type": "Project",
        "dependencies": {
          "DavidHome.RssFeed.Models": "[1.0.0, )",
          "System.ServiceModel.Syndication": "[10.0.0, )"
        }
      },
      "davidhome.rssfeed.models": {
        "type": "Project",
        "dependencies": {
          "System.ServiceModel.Syndication": "[10.0.0, )"
        }
      },
      "davidhome.rssfeed.optimizely.contracts": {
        "type": "Project",
        "dependencies": {
          "EPiServer.CMS.Core": "[12.4.0, 13.0.0)"
        }
      },
      "davidhome.rssfeed.optimizely.models": {
        "type": "Project",
        "dependencies": {
          "DavidHome.RssFeed.Models": "[1.0.0, )",
          "EPiServer.CMS.Core": "[12.4.0, 13.0.0)"
        }
      },
      "Azure.Identity": {
        "type": "CentralTransitive",
        "requested": "[1.10.2, )",
        "resolved": "1.10.2",
        "contentHash": "jfq07QnxB7Rx15DWHxIfZbdbgICL1IARncBPIYmnmF+1Xqn6KqiF6ijlKv2hj82WFr9kUi+jzU8zVqrBocJZ8A==",
        "dependencies": {
          "Azure.Core": "1.35.0",
          "Microsoft.Identity.Client": "4.54.1",
          "Microsoft.Identity.Client.Extensions.Msal": "2.31.0",
          "System.Security.Cryptography.ProtectedData": "4.7.0"
        }
      },
      "EPiServer.CMS.AspNetCore": {
        "type": "CentralTransitive",
        "requested": "[12.4.0, 13.0.0)",
        "resolved": "12.4.0",
        "contentHash": "BFE4CP75K/tzuHGcqpS4E5zpqSB2a7QWC+i0Zdj0eHJXeWR2BsNH/qTUjfxlXv1/yNQvSCXrNhBmG/C+3EfqwA==",
        "dependencies": {
          "EPiServer.CMS.Core": "[12.4.0]",
          "EPiServer.Framework.AspNetCore": "[12.4.0]",
          "Microsoft.AspNetCore.Mvc.NewtonsoftJson": "6.0.1"
        }
      },
      "EPiServer.CMS.AspNetCore.Templating": {
        "type": "CentralTransitive",
        "requested": "[12.4.0, 13.0.0)",
        "resolved": "12.4.0",
        "contentHash": "+WcIj6d7+0PS1eS1yMEAMeIkWW2H1sYpRYSQ4Q60K75wpZmW13/Q7KsG2BdNR1QJcwxDzF8CE8VXz1pgaoC/dw==",
        "dependencies": {
          "EPiServer.CMS.AspNetCore": "[12.4.0]"
        }
      },
      "EPiServer.CMS.Core": {
        "type": "CentralTransitive",
        "requested": "[12.4.0, 13.0.0)",
        "resolved": "12.4.0",
        "contentHash": "mse75rDvemvHOllxL9iZPMiM4LhCwk8A5qijDCq17SSfnLJQxW/Va9r2GJ88fzw14VEugM4ns7RLRBgcOyuiyQ==",
        "dependencies": {
          "Castle.Core": "[4.4.1, 5.0.0)",
          "Castle.Windsor": "[5.1.1, 6.0.0)",
          "EPiServer.Framework": "[12.4.0]",
          "MailKit": "[2.10.1, 3.0.0)",
          "SixLabors.ImageSharp": "[1.0.4, 2.0.0)",
          "System.IO.Packaging": "[6.0.0, 7.0.0)",
          "System.Threading.Tasks.Dataflow": "[6.0.0, 7.0.0)"
        }
      },
      "Microsoft.Data.SqlClient": {
        "type": "CentralTransitive",
        "requested": "[4.0.5, )",
        "resolved": "4.0.5",
        "contentHash": "ivuv7JpPPQyjbCuwztuSupm/Cdf3xch/38PAvFGm3WfK6NS1LZ5BmnX8Zi0u1fdQJEpW5dNZWtkQCq0wArytxA==",
        "dependencies": {
          "Azure.Identity": "1.3.0",
          "Microsoft.Data.SqlClient.SNI.runtime": "4.0.1",
          "Microsoft.Identity.Client": "4.22.0",
          "Microsoft.IdentityModel.JsonWebTokens": "6.8.0",
          "Microsoft.IdentityModel.Protocols.OpenIdConnect": "6.8.0",
          "System.Configuration.ConfigurationManager": "5.0.0",
          "System.Runtime.Caching": "5.0.0"
        }
      },
      "Microsoft.Identity.Client": {
        "type": "CentralTransitive",
        "requested": "[4.59.1, )",
        "resolved": "4.59.1",
        "contentHash": "G2d20bny8RpcKx8W67FphdVSEacClNhQjAwuP4DgWtBVo6giF+seLujxkzsYJBuB7xxkK0Cvh/1L9x3+c0AidQ==",
        "dependencies": {
          "Microsoft.IdentityModel.Abstractions": "6.22.0"
        }
      },
      "System.IO.Packaging": {
        "type": "CentralTransitive",
        "requested": "[6.0.1, )",
        "resolved": "6.0.1",
        "contentHash": "uU8v5JFutuypHiG+4E1jJH+pudE2UBJcKMO4O3bwZBTQn0+K3I2YOh21M6TfQy+Jr8fT2zxTxb9bGqnRxnfo4A=="
      },
      "System.Security.Cryptography.Pkcs": {
        "type": "CentralTransitive",
        "requested": "[6.0.3, )",
        "resolved": "6.0.3",
        "contentHash": "18UT1BdZ4TYFBHk/wuq7JzCdE3X75z81X+C2rXqIlmEnC21Pm60spGV/dKQSzbyomstqYE33EuN5hfnC86VFxA=="
      },
      "System.ServiceModel.Syndication": {
        "type": "CentralTransitive",
        "requested": "[10.0.0, )",
        "resolved": "10.0.0",
        "contentHash": "HBrGaOQoEaDlMOykS/LfQr9BZ0pEF4SOcscH5oMpBF46+lqMMfgfat3Jm5SpW8IaDzzn/IakYjpWk3bEGSh1vA=="
      }
    },
    "net8.0": {
      "EPiServer.CMS.AspNetCore.HtmlHelpers": {
        "type": "Direct",
        "requested": "[12.4.0, 13.0.0)",
        "resolved": "12.4.0",
        "contentHash": "MsOCtuAdu494+4eioqf2tzrRHBladcjdElTdXE2vZpaBsfQjl1gWAURGzV3a8VU7G1F2q9UZneUU4TK/RqkPLw==",
        "dependencies": {
          "EPiServer.CMS.AspNetCore.Mvc": "[12.4.0]"
        }
      },
      "GitVersion.MsBuild": {
        "type": "Direct",
        "requested": "[6.5.0, )",
        "resolved": "6.5.0",
        "contentHash": "OYBNhjZd8GcUusZWkoVCSFNujzG9fINpWi59YCax+6DXLJciu1RNC+TXSspgrACR6FMUdVDNqKNMHzB7B+X+jQ=="
      },
      "Azure.Core": {
        "type": "Transitive",
        "resolved": "1.35.0",
        "contentHash": "hENcx03Jyuqv05F4RBEPbxz29UrM3Nbhnr6Wl6NQpoU9BCIbL3XLentrxDCTrH54NLS11Exxi/o8MYgT/cnKFA==",
        "dependencies": {
          "Microsoft.Bcl.AsyncInterfaces": "1.1.1",
          "System.Memory.Data": "1.0.2"
        }
      },
      "Castle.Core": {
        "type": "Transitive",
        "resolved": "4.4.1",
        "contentHash": "zanbjWC0Y05gbx4eGXkzVycOQqVOFVeCjVsDSyuao9P4mtN1w3WxxTo193NGC7j3o2u3AJRswaoC6hEbnGACnQ==",
        "dependencies": {
          "NETStandard.Library": "1.6.1"
        }
      },
      "Castle.Windsor": {
        "type": "Transitive",
        "resolved": "5.1.1",
        "contentHash": "m1YCo+V+MHUqJV7+KtXlNYig93tEAnPdPevIHi8hVqV8/ceF82Nqe8vS1ROQ25nweTcxYgkrLHwhvJsH2SFwZA==",
        "dependencies": {
          "Castle.Core": "4.4.1",
          "Microsoft.Extensions.DependencyModel": "1.1.2",
          "NETStandard.Library": "1.6.1"
        }
      },
      "EPiServer.CMS.AspNetCore.Mvc": {
        "type": "Transitive",
        "resolved": "12.4.0",
        "contentHash": "DLBGoE0uygVQ9eCZQXlFwsFOf8tOtJbl+Bll+L07CQRZ2w2OGaf5tojF9xLd9BCCDrLv+fz3IOIu3JQiYmSLyw==",
        "dependencies": {
          "EPiServer.CMS.AspNetCore.Routing": "[12.4.0]"
        }
      },
      "EPiServer.CMS.AspNetCore.Routing": {
        "type": "Transitive",
        "resolved": "12.4.0",
        "contentHash": "RTBrfd9hLOvOlnzg9WHZcSvXVwtTLfQW2lRLQsVbX1R3Ek/hcvbVh5vjhy+MrzKvjw9zdYe8FX09kYEE9kNqIA==",
        "dependencies": {
          "EPiServer.CMS.AspNetCore.Templating": "[12.4.0]"
        }
      },
      "EPiServer.Framework": {
        "type": "Transitive",
        "resolved": "12.4.0",
        "contentHash": "CcJoYT3GzCntvUPIhrZWDD8GXrevJlmQwnmzFZ2nGrGg0K0+EeU085kfpF/KFQkjr4R6tng5nOWmn0uRjfT1nQ==",
        "dependencies": {
          "Microsoft.Data.SqlClient": "[4.0.0, 5.0.0)",
          "Newtonsoft.Json": "[13.0.1, 14.0.0)",
          "System.Security.Cryptography.Xml": "[6.0.0, 7.0.0)",
          "System.Security.Permissions": "[6.0.0, 7.0.0)",
          "System.Threading.AccessControl": "[6.0.0, 7.0.0)"
        }
      },
      "EPiServer.Framework.AspNetCore": {
        "type": "Transitive",
        "resolved": "12.4.0",
        "contentHash": "BVit09P9KMg85wzs11tsBOp9AFA9rraKd0jQYmXmUtP2liEGFBwcN2r1vBLbr7j13r8ULaATWvtRHTiIuub4tQ==",
        "dependencies": {
          "EPiServer.Framework": "[12.4.0]",
          "Microsoft.Extensions.DependencyInjection": "[6.0.0, 7.0.0)",
          "Microsoft.Extensions.DependencyModel": "[6.0.0, 7.0.0)",
          "Microsoft.Extensions.FileProviders.Abstractions": "[6.0.0, 7.0.0)"
        }
      },
      "MailKit": {
        "type": "Transitive",
        "resolved": "2.10.1",
        "contentHash": "CG0utzggjYutAzlOnuY+2yS2HGL4WFTbAYtU73vBSGdHKMXNRnVy9onITGqz1Rmmq5Q63de/ZJBXzNyNPCx9Mw==",
        "dependencies": {
          "MimeKit": "2.10.1"
        }
      },
      "Microsoft.AspNetCore.JsonPatch": {
        "type": "Transitive",
        "resolved": "6.0.1",
        "contentHash": "vLgQbgudEQfGNaGyAvm+jlfLHu5Ynav8/RnhwM0QaKFjVW2crEOGm7tRHHjM5iofF8VZnEYfyvUvyK82dBej1w==",
        "dependencies": {
          "Newtonsoft.Json": "13.0.1"
        }
      },
      "Microsoft.AspNetCore.Mvc.NewtonsoftJson": {
        "type": "Transitive",
        "resolved": "6.0.1",
        "contentHash": "UMMDrtDzY1tug3Q6RFmgtknJ65nj3IxI/iVqrRFwKDIeiiBc8DMfxS1cZPWfaGmPfVulgaa8qHvQijaLpa8p7Q==",
        "dependencies": {
          "Microsoft.AspNetCore.JsonPatch": "6.0.1",
          "Newtonsoft.Json": "13.0.1",
          "Newtonsoft.Json.Bson": "1.0.2"
        }
      },
      "Microsoft.Bcl.AsyncInterfaces": {
        "type": "Transitive",
        "resolved": "1.1.1",
        "contentHash": "yuvf07qFWFqtK3P/MRkEKLhn5r2UbSpVueRziSqj0yJQIKFwG1pq9mOayK3zE5qZCTs0CbrwL9M6R8VwqyGy2w=="
      },
      "Microsoft.Data.SqlClient.SNI.runtime": {
        "type": "Transitive",
        "resolved": "4.0.1",
        "contentHash": "oH/lFYa8LY9L7AYXpPz2Via8cgzmp/rLhcsZn4t4GeEL5hPHPbXjSTBMl5qcW84o0pBkAqP/dt5mCzS64f6AZg=="
      },
      "Microsoft.Extensions.DependencyInjection": {
        "type": "Transitive",
        "resolved": "6.0.0",
        "contentHash": "k6PWQMuoBDGGHOQTtyois2u4AwyVcIwL2LaSLlTZQm2CYcJ1pxbt6jfAnpWmzENA/wfrYRI/X9DTLoUkE4AsLw==",
        "dependencies": {
          "Microsoft.Extensions.DependencyInjection.Abstractions": "6.0.0"
        }
      },
      "Microsoft.Extensions.DependencyInjection.Abstractions": {
        "type": "Transitive",
        "resolved": "6.0.0",
        "contentHash": "xlzi2IYREJH3/m6+lUrQlujzX8wDitm4QGnUu6kUXTQAWPuZY8i+ticFJbzfqaetLA6KR/rO6Ew/HuYD+bxifg=="
      },
      "Microsoft.Extensions.DependencyModel": {
        "type": "Transitive",
        "resolved": "6.0.0",
        "contentHash": "TD5QHg98m3+QhgEV1YVoNMl5KtBw/4rjfxLHO0e/YV9bPUBDKntApP4xdrVtGgCeQZHVfC2EXIGsdpRNrr87Pg=="
      },
      "Microsoft.Extensions.FileProviders.Abstractions": {
        "type": "Transitive",
        "resolved": "6.0.0",
        "contentHash": "0pd4/fho0gC12rQswaGQxbU34jOS1TPS8lZPpkFCH68ppQjHNHYle9iRuHeev1LhrJ94YPvzcRd8UmIuFk23Qw==",
        "dependencies": {
          "Microsoft.Extensions.Primitives": "6.0.0"
        }
      },
      "Microsoft.Extensions.Primitives": {
        "type": "Transitive",
        "resolved": "6.0.0",
        "contentHash": "9+PnzmQFfEFNR9J2aDTfJGGupShHjOuGw4VUv+JB044biSHrnmCIMD+mJHmb2H7YryrfBEXDurxQ47gJZdCKNQ=="
      },
      "Microsoft.Identity.Client.Extensions.Msal": {
        "type": "Transitive",
        "resolved": "2.31.0",
        "contentHash": "IhGSqN0szneKC5Qk3/okJQJbDpQfLW/+mvslhzJPox4t2UuIkA2ZHe4w/z62ASye46G9sQWF9qqLXTgNacE2xQ==",
        "dependencies": {
          "Microsoft.Identity.Client": "4.54.1",
          "System.Security.Cryptography.ProtectedData": "4.5.0"
        }
      },
      "Microsoft.IdentityModel.Abstractions": {
        "type": "Transitive",
        "resolved": "6.22.0",
        "contentHash": "iI+9V+2ciCrbheeLjpmjcqCnhy+r6yCoEcid3nkoFWerHgjVuT6CPM4HODUTtUPe1uwks4wcnAujJ8u+IKogHQ=="
      },
      "Microsoft.IdentityModel.JsonWebTokens": {
        "type": "Transitive",
        "resolved": "6.8.0",
        "contentHash": "+7JIww64PkMt7NWFxoe4Y/joeF7TAtA/fQ0b2GFGcagzB59sKkTt/sMZWR6aSZht5YC7SdHi3W6yM1yylRGJCQ==",
        "dependencies": {
          "Microsoft.IdentityModel.Tokens": "6.8.0"
        }
      },
      "Microsoft.IdentityModel.Logging": {
        "type": "Transitive",
        "resolved": "6.8.0",
        "contentHash": "Rfh/p4MaN4gkmhPxwbu8IjrmoDncGfHHPh1sTnc0AcM/Oc39/fzC9doKNWvUAjzFb8LqA6lgZyblTrIsX/wDXg=="
      },
      "Microsoft.IdentityModel.Protocols": {
        "type": "Transitive",
        "resolved": "6.8.0",
        "contentHash": "OJZx5nPdiH+MEkwCkbJrTAUiO/YzLe0VSswNlDxJsJD9bhOIdXHufh650pfm59YH1DNevp3/bXzukKrG57gA1w==",
        "dependencies": {
          "Microsoft.IdentityModel.Logging": "6.8.0",
          "Microsoft.IdentityModel.Tokens": "6.8.0"
        }
      },
      "Microsoft.IdentityModel.Protocols.OpenIdConnect": {
        "type": "Transitive",
        "resolved": "6.8.0",
        "contentHash": "X/PiV5l3nYYsodtrNMrNQIVlDmHpjQQ5w48E+o/D5H4es2+4niEyQf3l03chvZGWNzBRhfSstaXr25/Ye4AeYw==",
        "dependencies": {
          "Microsoft.IdentityModel.Protocols": "6.8.0",
          "System.IdentityModel.Tokens.Jwt": "6.8.0"
        }
      },
      "Microsoft.IdentityModel.Tokens": {
        "type": "Transitive",
        "resolved": "6.8.0",
        "contentHash": "gTqzsGcmD13HgtNePPcuVHZ/NXWmyV+InJgalW/FhWpII1D7V1k0obIseGlWMeA4G+tZfeGMfXr0klnWbMR/mQ==",
        "dependencies": {
          "Microsoft.IdentityModel.Logging": "6.8.0"
        }
      },
      "Microsoft.NETCore.Platforms": {
        "type": "Transitive",
        "resolved": "1.1.0",
        "contentHash": "kz0PEW2lhqygehI/d6XsPCQzD7ff7gUJaVGPVETX611eadGsA3A877GdSlU0LRVMCTH/+P3o2iDTak+S08V2+A=="
      },
      "Microsoft.Win32.SystemEvents": {
        "type": "Transitive",
        "resolved": "6.0.0",
        "contentHash": "hqTM5628jSsQiv+HGpiq3WKBl2c8v1KZfby2J6Pr7pEPlK9waPdgEO6b8A/+/xn/yZ9ulv8HuqK71ONy2tg67A=="
      },
      "MimeKit": {
        "type": "Transitive",
        "resolved": "2.10.1",
        "contentHash": "rBpIsOdgpMvcNraBDgQSSNCk/MVxxFv7VX2Qq1WnFJ4AnvjIU+r12gaKs6r+SRvCEZWvC5CQlKHuoQbIbO/brA==",
        "dependencies": {
          "Portable.BouncyCastle": "1.8.8",
          "System.Security.Cryptography.Pkcs": "4.7.0"
        }
      },
      "NETStandard.Library": {
        "type": "Transitive",
        "resolved": "1.6.1",
        "contentHash": "WcSp3+vP+yHNgS8EV5J7pZ9IRpeDuARBPN28by8zqff1wJQXm26PVU8L3/fYLBJVU7BtDyqNVWq2KlCVvSSR4A==",
        "dependencies": {
          "Microsoft.NETCore.Platforms": "1.1.0"
        }
      },
      "Newtonsoft.Json": {
        "type": "Transitive",
        "resolved": "13.0.1",
        "contentHash": "ppPFpBcvxdsfUonNcvITKqLl3bqxWbDCZIzDWHzjpdAHRFfZe0Dw9HmA0+za13IdyrgJwpkDTDA9fHaxOrt20A=="
      },
      "Newtonsoft.Json.Bson": {
        "type": "Transitive",
        "resolved": "1.0.2",
        "contentHash": "QYFyxhaABwmq3p/21VrZNYvCg3DaEoN/wUuw5nmfAf0X3HLjgupwhkEWdgfb9nvGAUIv3osmZoD3kKl4jxEmYQ==",
        "dependencies": {
          "Newtonsoft.Json": "12.0.1"
        }
      },
      "Portable.BouncyCastle": {
        "type": "Transitive",
        "resolved": "1.8.8",
        "contentHash": "1rxdf8NfyAxLlqIEciCl/yNhmz1YiLkmp6rrF8p3/NVmyHHzPWLx8djtDvSAwhPLg64BXvsRcM3+5bP1HAUdYg=="
      },
      "System.Configuration.ConfigurationManager": {
        "type": "Transitive",
        "resolved": "5.0.0",
        "contentHash": "aM7cbfEfVNlEEOj3DsZP+2g9NRwbkyiAv2isQEzw7pnkDg9ekCU2m1cdJLM02Uq691OaCS91tooaxcEn8d0q5w==",
        "dependencies": {
          "System.Security.Cryptography.ProtectedData": "5.0.0",
          "System.Security.Permissions": "5.0.0"
        }
      },
      "System.Drawing.Common": {
        "type": "Transitive",
        "resolved": "6.0.0",
        "contentHash": "NfuoKUiP2nUWwKZN6twGqXioIe1zVD0RIj2t976A+czLHr2nY454RwwXs6JU9Htc6mwqL6Dn/nEL3dpVf2jOhg==",
        "dependencies": {
          "Microsoft.Win32.SystemEvents": "6.0.0"
        }
      },
      "System.IdentityModel.Tokens.Jwt": {
        "type": "Transitive",
        "resolved": "6.8.0",
        "contentHash": "5tBCjAub2Bhd5qmcd0WhR5s354e4oLYa//kOWrkX+6/7ZbDDJjMTfwLSOiZ/MMpWdE4DWPLOfTLOq/juj9CKzA==",
        "dependencies": {
          "Microsoft.IdentityModel.JsonWebTokens": "6.8.0",
          "Microsoft.IdentityModel.Tokens": "6.8.0"
        }
      },
      "System.Memory.Data": {
        "type": "Transitive",
        "resolved": "1.0.2",
        "contentHash": "JGkzeqgBsiZwKJZ1IxPNsDFZDhUvuEdX8L8BDC8N3KOj+6zMcNU28CNN59TpZE/VJYy9cP+5M+sbxtWJx3/xtw=="
      },
      "System.Runtime.Caching": {
        "type": "Transitive",
        "resolved": "5.0.0",
        "contentHash": "30D6MkO8WF9jVGWZIP0hmCN8l9BTY4LCsAzLIe4xFSXzs+AjDotR7DpSmj27pFskDURzUvqYYY0ikModgBTxWw==",
        "dependencies": {
          "System.Configuration.ConfigurationManager": "5.0.0"
        }
      },
      "System.Security.Cryptography.Cng": {
        "type": "Transitive",
        "resolved": "5.0.0",
        "contentHash": "jIMXsKn94T9JY7PvPq/tMfqa6GAaHpElRDpmG+SuL+D3+sTw2M8VhnibKnN8Tq+4JqbPJ/f+BwtLeDMEnzAvRg=="
      },
      "System.Security.Cryptography.ProtectedData": {
        "type": "Transitive",
        "resolved": "5.0.0",
        "contentHash": "HGxMSAFAPLNoxBvSfW08vHde0F9uh7BjASwu6JF9JnXuEPhCY3YUqURn0+bQV/4UWeaqymmrHWV+Aw9riQCtCA=="
      },
      "System.Security.Cryptography.Xml": {
        "type": "Transitive",
        "resolved": "6.0.0",
        "contentHash": "puJ4UCh9JVRwOCyCIcq71JY6Axr8Sp8E2GjTIU1Fj8hm4+oX6NEoyGFGa/+pBG8SrVxbQPSj7hvtaREyTHHsmw==",
        "dependencies": {
          "System.Security.Cryptography.Pkcs": "6.0.0"
        }
      },
      "System.Security.Permissions": {
        "type": "Transitive",
        "resolved": "6.0.0",
        "contentHash": "T/uuc7AklkDoxmcJ7LGkyX1CcSviZuLCa4jg3PekfJ7SU0niF0IVTXwUiNVP9DSpzou2PpxJ+eNY2IfDM90ZCg==",
        "dependencies": {
          "System.Windows.Extensions": "6.0.0"
        }
      },
      "System.Threading.AccessControl": {
        "type": "Transitive",
        "resolved": "6.0.0",
        "contentHash": "2258mqWesMch/xCpcnjJBgJP33yhpZLGLbEOm01qwq0efG4b+NG8c9sxYOWNxmDQ82swXrnQRl1Yp2wC1NrfZA=="
      },
      "System.Threading.Tasks.Dataflow": {
        "type": "Transitive",
        "resolved": "6.0.0",
        "contentHash": "+tyDCU3/B1lDdOOAJywHQoFwyXIUghIaP2BxG79uvhfTnO+D9qIgjVlL/JV2NTliYbMHpd6eKDmHp2VHpij7MA=="
      },
      "System.Windows.Extensions": {
        "type": "Transitive",
        "resolved": "6.0.0",
        "contentHash": "IXoJOXIqc39AIe+CIR7koBtRGMiCt/LPM3lI+PELtDIy9XdyeSrwXFdWV9dzJ2Awl0paLWUaknLxFQ5HpHZUog==",
        "dependencies": {
          "System.Drawing.Common": "6.0.0"
        }
      },
      "davidhome.rssfeed": {
        "type": "Project",
        "dependencies": {
          "DavidHome.RssFeed.Contracts": "[1.0.0, )",
          "DavidHome.RssFeed.Models": "[1.0.0, )",
          "System.ServiceModel.Syndication": "[8.0.0, )"
        }
      },
      "davidhome.rssfeed.contracts": {
        "type": "Project",
        "dependencies": {
          "DavidHome.RssFeed.Models": "[1.0.0, )",
          "System.ServiceModel.Syndication": "[8.0.0, )"
        }
      },
      "davidhome.rssfeed.models": {
        "type": "Project",
        "dependencies": {
          "System.ServiceModel.Syndication": "[8.0.0, )"
        }
      },
      "davidhome.rssfeed.optimizely.contracts": {
        "type": "Project",
        "dependencies": {
          "EPiServer.CMS.Core": "[12.4.0, 13.0.0)"
        }
      },
      "davidhome.rssfeed.optimizely.models": {
        "type": "Project",
        "dependencies": {
          "DavidHome.RssFeed.Models": "[1.0.0, )",
          "EPiServer.CMS.Core": "[12.4.0, 13.0.0)"
        }
      },
      "Azure.Identity": {
        "type": "CentralTransitive",
        "requested": "[1.10.2, )",
        "resolved": "1.10.2",
        "contentHash": "jfq07QnxB7Rx15DWHxIfZbdbgICL1IARncBPIYmnmF+1Xqn6KqiF6ijlKv2hj82WFr9kUi+jzU8zVqrBocJZ8A==",
        "dependencies": {
          "Azure.Core": "1.35.0",
          "Microsoft.Identity.Client": "4.54.1",
          "Microsoft.Identity.Client.Extensions.Msal": "2.31.0",
          "System.Security.Cryptography.ProtectedData": "4.7.0"
        }
      },
      "EPiServer.CMS.AspNetCore": {
        "type": "CentralTransitive",
        "requested": "[12.4.0, 13.0.0)",
        "resolved": "12.4.0",
        "contentHash": "BFE4CP75K/tzuHGcqpS4E5zpqSB2a7QWC+i0Zdj0eHJXeWR2BsNH/qTUjfxlXv1/yNQvSCXrNhBmG/C+3EfqwA==",
        "dependencies": {
          "EPiServer.CMS.Core": "[12.4.0]",
          "EPiServer.Framework.AspNetCore": "[12.4.0]",
          "Microsoft.AspNetCore.Mvc.NewtonsoftJson": "6.0.1"
        }
      },
      "EPiServer.CMS.AspNetCore.Templating": {
        "type": "CentralTransitive",
        "requested": "[12.4.0, 13.0.0)",
        "resolved": "12.4.0",
        "contentHash": "+WcIj6d7+0PS1eS1yMEAMeIkWW2H1sYpRYSQ4Q60K75wpZmW13/Q7KsG2BdNR1QJcwxDzF8CE8VXz1pgaoC/dw==",
        "dependencies": {
          "EPiServer.CMS.AspNetCore": "[12.4.0]"
        }
      },
      "EPiServer.CMS.Core": {
        "type": "CentralTransitive",
        "requested": "[12.4.0, 13.0.0)",
        "resolved": "12.4.0",
        "contentHash": "mse75rDvemvHOllxL9iZPMiM4LhCwk8A5qijDCq17SSfnLJQxW/Va9r2GJ88fzw14VEugM4ns7RLRBgcOyuiyQ==",
        "dependencies": {
          "Castle.Core": "[4.4.1, 5.0.0)",
          "Castle.Windsor": "[5.1.1, 6.0.0)",
          "EPiServer.Framework": "[12.4.0]",
          "MailKit": "[2.10.1, 3.0.0)",
          "SixLabors.ImageSharp": "[1.0.4, 2.0.0)",
          "System.IO.Packaging": "[6.0.0, 7.0.0)",
          "System.Threading.Tasks.Dataflow": "[6.0.0, 7.0.0)"
        }
      },
      "Microsoft.Data.SqlClient": {
        "type": "CentralTransitive",
        "requested": "[4.0.5, )",
        "resolved": "4.0.5",
        "contentHash": "ivuv7JpPPQyjbCuwztuSupm/Cdf3xch/38PAvFGm3WfK6NS1LZ5BmnX8Zi0u1fdQJEpW5dNZWtkQCq0wArytxA==",
        "dependencies": {
          "Azure.Identity": "1.3.0",
          "Microsoft.Data.SqlClient.SNI.runtime": "4.0.1",
          "Microsoft.Identity.Client": "4.22.0",
          "Microsoft.IdentityModel.JsonWebTokens": "6.8.0",
          "Microsoft.IdentityModel.Protocols.OpenIdConnect": "6.8.0",
          "System.Configuration.ConfigurationManager": "5.0.0",
          "System.Runtime.Caching": "5.0.0",
          "System.Security.Cryptography.Cng": "5.0.0"
        }
      },
      "Microsoft.Identity.Client": {
        "type": "CentralTransitive",
        "requested": "[4.59.1, )",
        "resolved": "4.59.1",
        "contentHash": "G2d20bny8RpcKx8W67FphdVSEacClNhQjAwuP4DgWtBVo6giF+seLujxkzsYJBuB7xxkK0Cvh/1L9x3+c0AidQ==",
        "dependencies": {
          "Microsoft.IdentityModel.Abstractions": "6.22.0"
        }
      },
      "System.IO.Packaging": {
        "type": "CentralTransitive",
        "requested": "[6.0.1, )",
        "resolved": "6.0.1",
        "contentHash": "uU8v5JFutuypHiG+4E1jJH+pudE2UBJcKMO4O3bwZBTQn0+K3I2YOh21M6TfQy+Jr8fT2zxTxb9bGqnRxnfo4A=="
      },
      "System.Security.Cryptography.Pkcs": {
        "type": "CentralTransitive",
        "requested": "[6.0.3, )",
        "resolved": "6.0.3",
        "contentHash": "18UT1BdZ4TYFBHk/wuq7JzCdE3X75z81X+C2rXqIlmEnC21Pm60spGV/dKQSzbyomstqYE33EuN5hfnC86VFxA=="
      },
      "System.ServiceModel.Syndication": {
        "type": "CentralTransitive",
        "requested": "[8.0.0, )",
        "resolved": "8.0.0",
        "contentHash": "CJxIUwpBkMCPmIx46tFVOt0zpRrYurUHLW6tJBcmyj+MyWpKc6MMcS69B7IdlV/bgtgys073wMIHZX9QOQ1OFA=="
      }
    }
  }
}