{
  "version": 2,
  "dependencies": {
    "net10.0": {
      "EPiServer.Cms.AspNetCore.HtmlHelpers": {
        "type": "Direct",
        "requested": "[13.0.0, 14.0.0)",
        "resolved": "13.0.0",
        "contentHash": "4ZfxH++Ej2rIIGqXnnIYqyJLouvfRAMVRyCQgjPBuhkceqVM9jUy+sOtDaPjZNZUIFWNTL2J5nFkJgMPAJasZg==",
        "dependencies": {
          "Azure.Identity": "1.17.1",
          "Castle.Core": "[5.2.1, 6.0.0)",
          "EPiServer.Cms.AspNetCore.Mvc": "[13.0.0]",
          "MailKit": "[4.15.1, 5.0.0)",
          "Microsoft.AspNetCore.StaticFiles": "2.3.9",
          "Microsoft.Data.SqlClient": "[6.1.4, 7.0.0)",
          "Microsoft.Extensions.Caching.Abstractions": "10.0.2",
          "Microsoft.Extensions.Caching.Memory": "10.0.2",
          "Microsoft.Extensions.Configuration": "10.0.2",
          "Microsoft.Extensions.Configuration.Abstractions": "10.0.2",
          "Microsoft.Extensions.DependencyInjection": "10.0.2",
          "Microsoft.Extensions.DependencyInjection.Abstractions": "10.0.2",
          "Microsoft.Extensions.DependencyModel": "10.0.2",
          "Microsoft.Extensions.Diagnostics.HealthChecks": "10.0.2",
          "Microsoft.Extensions.FileProviders.Abstractions": "10.0.2",
          "Microsoft.Extensions.Hosting.Abstractions": "10.0.2",
          "Microsoft.Extensions.Http": "10.0.2",
          "Microsoft.Extensions.Logging": "10.0.2",
          "Microsoft.Extensions.Logging.Abstractions": "10.0.2",
          "Microsoft.Extensions.Options": "10.0.2",
          "Microsoft.Extensions.Options.ConfigurationExtensions": "10.0.2",
          "Microsoft.Extensions.Options.DataAnnotations": "10.0.2",
          "Microsoft.IdentityModel.Protocols.OpenIdConnect": "8.15.0",
          "System.IO.Packaging": "10.0.2",
          "System.Security.Cryptography.Xml": "10.0.2",
          "System.Security.Permissions": "10.0.2"
        }
      },
      "GitVersion.MsBuild": {
        "type": "Direct",
        "requested": "[6.6.0, )",
        "resolved": "6.6.0",
        "contentHash": "DleYRs4QwkTFmqODJKBgQ3wRbPytZ/Zb5ZdBczUslXkAizp+2vVS+NuivgjwzZNnLKyVFa3IYUAcGbcMAgs3Ww=="
      },
      "Azure.Core": {
        "type": "Transitive",
        "resolved": "1.50.0",
        "contentHash": "GBNKZEhdIbTXxedvD3R7I/yDVFX9jJJEz02kCziFSJxspSQ5RMHc3GktulJ1s7+ffXaXD7kMgrtdQTaggyInLw==",
        "dependencies": {
          "Microsoft.Bcl.AsyncInterfaces": "8.0.0",
          "System.ClientModel": "1.8.0",
          "System.Memory.Data": "8.0.1"
        }
      },
      "BouncyCastle.Cryptography": {
        "type": "Transitive",
        "resolved": "2.6.2",
        "contentHash": "7oWOcvnntmMKNzDLsdxAYqApt+AjpRpP2CShjMfIa3umZ42UQMvH0tl1qAliYPNYO6vTdcGMqnRrCPmsfzTI1w=="
      },
      "Castle.Core": {
        "type": "Transitive",
        "resolved": "5.2.1",
        "contentHash": "wHARzQA695jwwKreOzNsq54KiGqKP38tv8hi8e2FXDEC/sA6BtrX90tVPDkOfVu13PbEzr00TCV8coikl+D1Iw==",
        "dependencies": {
          "System.Diagnostics.EventLog": "6.0.0"
        }
      },
      "EPiServer": {
        "type": "Transitive",
        "resolved": "13.0.0",
        "contentHash": "Mch0shBAxPHP6Taljh7tYPkI6vBleqi6wwQ0g/BUfyoEEPW+g/lYA7LTgFQ1FQM3vp4HgzYcZyUywVCYT3Q6Vw==",
        "dependencies": {
          "Azure.Identity": "1.17.1",
          "Castle.Core": "[5.2.1, 6.0.0)",
          "EPiServer.ApplicationModules": "[13.0.0]",
          "EPiServer.Data": "[13.0.0]",
          "EPiServer.Events": "[13.0.0]",
          "EPiServer.Framework": "[13.0.0]",
          "EPiServer.HtmlParsing": "[13.0.0]",
          "EPiServer.ImageLibrary": "[13.0.0]",
          "EPiServer.Licensing": "[13.0.0]",
          "MailKit": "[4.15.1, 5.0.0)",
          "Microsoft.AspNetCore.StaticFiles": "2.3.9",
          "Microsoft.Data.SqlClient": "[6.1.4, 7.0.0)",
          "Microsoft.Extensions.Caching.Abstractions": "10.0.2",
          "Microsoft.Extensions.Caching.Memory": "10.0.2",
          "Microsoft.Extensions.Configuration": "10.0.2",
          "Microsoft.Extensions.Configuration.Abstractions": "10.0.2",
          "Microsoft.Extensions.DependencyInjection": "10.0.2",
          "Microsoft.Extensions.DependencyInjection.Abstractions": "10.0.2",
          "Microsoft.Extensions.DependencyModel": "10.0.2",
          "Microsoft.Extensions.Diagnostics.HealthChecks": "10.0.2",
          "Microsoft.Extensions.FileProviders.Abstractions": "10.0.2",
          "Microsoft.Extensions.Hosting.Abstractions": "10.0.2",
          "Microsoft.Extensions.Http": "10.0.2",
          "Microsoft.Extensions.Logging": "10.0.2",
          "Microsoft.Extensions.Logging.Abstractions": "10.0.2",
          "Microsoft.Extensions.Options": "10.0.2",
          "Microsoft.Extensions.Options.ConfigurationExtensions": "10.0.2",
          "Microsoft.Extensions.Options.DataAnnotations": "10.0.2",
          "Microsoft.IdentityModel.Protocols.OpenIdConnect": "8.15.0",
          "System.IO.Packaging": "10.0.2",
          "System.Security.Cryptography.Xml": "10.0.2",
          "System.Security.Permissions": "10.0.2"
        }
      },
      "EPiServer.ApplicationModules": {
        "type": "Transitive",
        "resolved": "13.0.0",
        "contentHash": "1zJ9ItrCZV5Ai4Co3LZzQEoLq8iRV6QvEe6Pakj6tpYvGtXTtDs2aNRmm9kcpCe11M7PQkyFEsgoZOwrjUKoRQ==",
        "dependencies": {
          "Azure.Identity": "1.17.1",
          "EPiServer.Data": "[13.0.0]",
          "EPiServer.Events": "[13.0.0]",
          "EPiServer.Framework": "[13.0.0]",
          "EPiServer.Licensing": "[13.0.0]",
          "Microsoft.Data.SqlClient": "[6.1.4, 7.0.0)",
          "Microsoft.Extensions.Caching.Abstractions": "10.0.2",
          "Microsoft.Extensions.Caching.Memory": "10.0.2",
          "Microsoft.Extensions.Configuration": "10.0.2",
          "Microsoft.Extensions.Configuration.Abstractions": "10.0.2",
          "Microsoft.Extensions.DependencyInjection": "10.0.2",
          "Microsoft.Extensions.DependencyInjection.Abstractions": "10.0.2",
          "Microsoft.Extensions.DependencyModel": "10.0.2",
          "Microsoft.Extensions.Diagnostics.HealthChecks": "10.0.2",
          "Microsoft.Extensions.FileProviders.Abstractions": "10.0.2",
          "Microsoft.Extensions.Hosting.Abstractions": "10.0.2",
          "Microsoft.Extensions.Http": "10.0.2",
          "Microsoft.Extensions.Logging": "10.0.2",
          "Microsoft.Extensions.Logging.Abstractions": "10.0.2",
          "Microsoft.Extensions.Options": "10.0.2",
          "Microsoft.Extensions.Options.ConfigurationExtensions": "10.0.2",
          "Microsoft.Extensions.Options.DataAnnotations": "10.0.2",
          "Microsoft.IdentityModel.Protocols.OpenIdConnect": "8.15.0",
          "System.Security.Cryptography.Xml": "10.0.2",
          "System.Security.Permissions": "10.0.2"
        }
      },
      "EPiServer.Blobs": {
        "type": "Transitive",
        "resolved": "13.0.0",
        "contentHash": "DkiQtagyTJOwgpCH6J5P8kumwYl+2ZQqdSoS06+waFilqKVVj8malSuKxZAGUpTR79ovOpMkW5TF3nq9Xwp0Vg==",
        "dependencies": {
          "Microsoft.Extensions.Configuration": "10.0.2",
          "Microsoft.Extensions.Configuration.Abstractions": "10.0.2",
          "Microsoft.Extensions.DependencyInjection.Abstractions": "10.0.2",
          "Microsoft.Extensions.FileProviders.Abstractions": "10.0.2",
          "Microsoft.Extensions.Hosting.Abstractions": "10.0.2",
          "Microsoft.Extensions.Logging.Abstractions": "10.0.2",
          "Microsoft.Extensions.Options": "10.0.2",
          "Microsoft.Extensions.Options.ConfigurationExtensions": "10.0.2"
        }
      },
      "EPiServer.Cache": {
        "type": "Transitive",
        "resolved": "13.0.0",
        "contentHash": "GxNPapbyNCxda4g7F1BMQy8Y6uIAxlXLmKCUrwT/e5wm3NkUB+YzLHS/M1C5/j8zQt6dqvkAmRD1gSM5tuuQ9w==",
        "dependencies": {
          "EPiServer.Events": "[13.0.0]",
          "Microsoft.Extensions.Caching.Abstractions": "10.0.2",
          "Microsoft.Extensions.Caching.Memory": "10.0.2",
          "Microsoft.Extensions.Configuration": "10.0.2",
          "Microsoft.Extensions.Configuration.Abstractions": "10.0.2",
          "Microsoft.Extensions.DependencyInjection.Abstractions": "10.0.2",
          "Microsoft.Extensions.FileProviders.Abstractions": "10.0.2",
          "Microsoft.Extensions.Hosting.Abstractions": "10.0.2",
          "Microsoft.Extensions.Logging.Abstractions": "10.0.2",
          "Microsoft.Extensions.Options": "10.0.2",
          "Microsoft.Extensions.Options.ConfigurationExtensions": "10.0.2",
          "Microsoft.Extensions.Options.DataAnnotations": "10.0.2"
        }
      },
      "EPiServer.Cms.AspNetCore.Mvc": {
        "type": "Transitive",
        "resolved": "13.0.0",
        "contentHash": "e0HJNQBHot2204QVZNSyUTQ66f/BSKaUQOWLK9P4wNsW0rfH6mVb31aSobK0HWMg3b0QWTIP8gMxLuzeI2GSxQ==",
        "dependencies": {
          "Azure.Identity": "1.17.1",
          "Castle.Core": "[5.2.1, 6.0.0)",
          "EPiServer.Cms.AspNetCore.Routing": "[13.0.0]",
          "MailKit": "[4.15.1, 5.0.0)",
          "Microsoft.AspNetCore.StaticFiles": "2.3.9",
          "Microsoft.Data.SqlClient": "[6.1.4, 7.0.0)",
          "Microsoft.Extensions.Caching.Abstractions": "10.0.2",
          "Microsoft.Extensions.Caching.Memory": "10.0.2",
          "Microsoft.Extensions.Configuration": "10.0.2",
          "Microsoft.Extensions.Configuration.Abstractions": "10.0.2",
          "Microsoft.Extensions.DependencyInjection": "10.0.2",
          "Microsoft.Extensions.DependencyInjection.Abstractions": "10.0.2",
          "Microsoft.Extensions.DependencyModel": "10.0.2",
          "Microsoft.Extensions.Diagnostics.HealthChecks": "10.0.2",
          "Microsoft.Extensions.FileProviders.Abstractions": "10.0.2",
          "Microsoft.Extensions.Hosting.Abstractions": "10.0.2",
          "Microsoft.Extensions.Http": "10.0.2",
          "Microsoft.Extensions.Logging": "10.0.2",
          "Microsoft.Extensions.Logging.Abstractions": "10.0.2",
          "Microsoft.Extensions.Options": "10.0.2",
          "Microsoft.Extensions.Options.ConfigurationExtensions": "10.0.2",
          "Microsoft.Extensions.Options.DataAnnotations": "10.0.2",
          "Microsoft.IdentityModel.Protocols.OpenIdConnect": "8.15.0",
          "System.IO.Packaging": "10.0.2",
          "System.Security.Cryptography.Xml": "10.0.2",
          "System.Security.Permissions": "10.0.2"
        }
      },
      "EPiServer.Cms.AspNetCore.Routing": {
        "type": "Transitive",
        "resolved": "13.0.0",
        "contentHash": "b4CwAaDpWsvLxEaeVDm1/L4hXLLK72DsqiULFVam3f4EfSvOZ0jq5mrlAcTF5BfNtL77Bl47EkDtODrtBUZkcA==",
        "dependencies": {
          "Azure.Identity": "1.17.1",
          "Castle.Core": "[5.2.1, 6.0.0)",
          "EPiServer.Cms.AspNetCore.Templating": "[13.0.0]",
          "MailKit": "[4.15.1, 5.0.0)",
          "Microsoft.AspNetCore.StaticFiles": "2.3.9",
          "Microsoft.Data.SqlClient": "[6.1.4, 7.0.0)",
          "Microsoft.Extensions.Caching.Abstractions": "10.0.2",
          "Microsoft.Extensions.Caching.Memory": "10.0.2",
          "Microsoft.Extensions.Configuration": "10.0.2",
          "Microsoft.Extensions.Configuration.Abstractions": "10.0.2",
          "Microsoft.Extensions.DependencyInjection": "10.0.2",
          "Microsoft.Extensions.DependencyInjection.Abstractions": "10.0.2",
          "Microsoft.Extensions.DependencyModel": "10.0.2",
          "Microsoft.Extensions.Diagnostics.HealthChecks": "10.0.2",
          "Microsoft.Extensions.FileProviders.Abstractions": "10.0.2",
          "Microsoft.Extensions.Hosting.Abstractions": "10.0.2",
          "Microsoft.Extensions.Http": "10.0.2",
          "Microsoft.Extensions.Logging": "10.0.2",
          "Microsoft.Extensions.Logging.Abstractions": "10.0.2",
          "Microsoft.Extensions.Options": "10.0.2",
          "Microsoft.Extensions.Options.ConfigurationExtensions": "10.0.2",
          "Microsoft.Extensions.Options.DataAnnotations": "10.0.2",
          "Microsoft.IdentityModel.Protocols.OpenIdConnect": "8.15.0",
          "System.IO.Packaging": "10.0.2",
          "System.Security.Cryptography.Xml": "10.0.2",
          "System.Security.Permissions": "10.0.2"
        }
      },
      "EPiServer.Data": {
        "type": "Transitive",
        "resolved": "13.0.0",
        "contentHash": "lL4n3IplJIfo89KJzM6bAFo9PUQrXVLjOTe1ba/rYmxn0FVJfUej+8I6IYjaeDTY7zpyz2A1MIBzyCFwP6w28A==",
        "dependencies": {
          "Azure.Identity": "1.17.1",
          "EPiServer.Framework": "[13.0.0]",
          "Microsoft.Data.SqlClient": "[6.1.4, 7.0.0)",
          "Microsoft.Extensions.Caching.Abstractions": "10.0.2",
          "Microsoft.Extensions.Caching.Memory": "10.0.2",
          "Microsoft.Extensions.Configuration": "10.0.2",
          "Microsoft.Extensions.Configuration.Abstractions": "10.0.2",
          "Microsoft.Extensions.DependencyInjection.Abstractions": "10.0.2",
          "Microsoft.Extensions.DependencyModel": "10.0.2",
          "Microsoft.Extensions.Diagnostics.HealthChecks": "10.0.2",
          "Microsoft.Extensions.FileProviders.Abstractions": "10.0.2",
          "Microsoft.Extensions.Hosting.Abstractions": "10.0.2",
          "Microsoft.Extensions.Logging.Abstractions": "10.0.2",
          "Microsoft.Extensions.Options": "10.0.2",
          "Microsoft.Extensions.Options.ConfigurationExtensions": "10.0.2",
          "Microsoft.Extensions.Options.DataAnnotations": "10.0.2",
          "Microsoft.IdentityModel.Protocols.OpenIdConnect": "8.15.0"
        }
      },
      "EPiServer.Enterprise": {
        "type": "Transitive",
        "resolved": "13.0.0",
        "contentHash": "qqMEekjwtjF0ddoRJ5BxZjM/IMtUcv2TKMG7M7Lq36dEBRPIkfwOXmPHaOGLZuhn+AiNSjJ6l+jsaB887XI0gw==",
        "dependencies": {
          "Azure.Identity": "1.17.1",
          "Castle.Core": "[5.2.1, 6.0.0)",
          "EPiServer": "[13.0.0]",
          "MailKit": "[4.15.1, 5.0.0)",
          "Microsoft.AspNetCore.StaticFiles": "2.3.9",
          "Microsoft.Data.SqlClient": "[6.1.4, 7.0.0)",
          "Microsoft.Extensions.Caching.Abstractions": "10.0.2",
          "Microsoft.Extensions.Caching.Memory": "10.0.2",
          "Microsoft.Extensions.Configuration": "10.0.2",
          "Microsoft.Extensions.Configuration.Abstractions": "10.0.2",
          "Microsoft.Extensions.DependencyInjection": "10.0.2",
          "Microsoft.Extensions.DependencyInjection.Abstractions": "10.0.2",
          "Microsoft.Extensions.DependencyModel": "10.0.2",
          "Microsoft.Extensions.Diagnostics.HealthChecks": "10.0.2",
          "Microsoft.Extensions.FileProviders.Abstractions": "10.0.2",
          "Microsoft.Extensions.Hosting.Abstractions": "10.0.2",
          "Microsoft.Extensions.Http": "10.0.2",
          "Microsoft.Extensions.Logging": "10.0.2",
          "Microsoft.Extensions.Logging.Abstractions": "10.0.2",
          "Microsoft.Extensions.Options": "10.0.2",
          "Microsoft.Extensions.Options.ConfigurationExtensions": "10.0.2",
          "Microsoft.Extensions.Options.DataAnnotations": "10.0.2",
          "Microsoft.IdentityModel.Protocols.OpenIdConnect": "8.15.0",
          "System.IO.Packaging": "10.0.2",
          "System.Security.Cryptography.Xml": "10.0.2",
          "System.Security.Permissions": "10.0.2"
        }
      },
      "EPiServer.Events": {
        "type": "Transitive",
        "resolved": "13.0.0",
        "contentHash": "/nqLlgR9jjtE6rB/cLM9CeCZ3m1zQBgzF1RsKlGBPIos7flSr+cIAizPyKY1JJXGc47QxUaKDGjIs8yYp3C0NQ==",
        "dependencies": {
          "Microsoft.Extensions.Configuration": "10.0.2",
          "Microsoft.Extensions.Configuration.Abstractions": "10.0.2",
          "Microsoft.Extensions.DependencyInjection.Abstractions": "10.0.2",
          "Microsoft.Extensions.FileProviders.Abstractions": "10.0.2",
          "Microsoft.Extensions.Hosting.Abstractions": "10.0.2",
          "Microsoft.Extensions.Logging.Abstractions": "10.0.2",
          "Microsoft.Extensions.Options": "10.0.2",
          "Microsoft.Extensions.Options.ConfigurationExtensions": "10.0.2",
          "Microsoft.Extensions.Options.DataAnnotations": "10.0.2"
        }
      },
      "EPiServer.Framework": {
        "type": "Transitive",
        "resolved": "13.0.0",
        "contentHash": "hghPBzJgq7lcMY7W4jIgnuEv7yjk9bmJUFwEk6NkIpca8NdjwdUuBKXgVFMn6naqzyd2mIU1sb6LPNSkzoVkAg==",
        "dependencies": {
          "EPiServer.Blobs": "[13.0.0]",
          "EPiServer.Cache": "[13.0.0]",
          "EPiServer.Logging": "[13.0.0]",
          "Microsoft.Extensions.Caching.Abstractions": "10.0.2",
          "Microsoft.Extensions.Caching.Memory": "10.0.2",
          "Microsoft.Extensions.Configuration": "10.0.2",
          "Microsoft.Extensions.Configuration.Abstractions": "10.0.2",
          "Microsoft.Extensions.DependencyInjection.Abstractions": "10.0.2",
          "Microsoft.Extensions.DependencyModel": "10.0.2",
          "Microsoft.Extensions.FileProviders.Abstractions": "10.0.2",
          "Microsoft.Extensions.Hosting.Abstractions": "10.0.2",
          "Microsoft.Extensions.Logging.Abstractions": "10.0.2",
          "Microsoft.Extensions.Options": "10.0.2",
          "Microsoft.Extensions.Options.ConfigurationExtensions": "10.0.2",
          "Microsoft.Extensions.Options.DataAnnotations": "10.0.2"
        }
      },
      "EPiServer.Framework.AspNetCore": {
        "type": "Transitive",
        "resolved": "13.0.0",
        "contentHash": "LJL4h85V8JTQtX56E8U8O8elGubXXoMQkq4d0QRYi1R8XKHhhC+SbGcacc/05YtC3Ek/sT1fvPytLgdxu5CPig==",
        "dependencies": {
          "Azure.Identity": "1.17.1",
          "EPiServer.ApplicationModules": "[13.0.0]",
          "EPiServer.Framework": "[13.0.0]",
          "EPiServer.Geolocation": "[13.0.0]",
          "Microsoft.Data.SqlClient": "[6.1.4, 7.0.0)",
          "Microsoft.Extensions.DependencyModel": "10.0.2",
          "Microsoft.IdentityModel.Protocols.OpenIdConnect": "8.15.0",
          "System.Security.Permissions": "10.0.2"
        }
      },
      "EPiServer.Geolocation": {
        "type": "Transitive",
        "resolved": "13.0.0",
        "contentHash": "5KzikHDexWolAEl+64ueX7XpMcYpZrZh00iLJGmV8KPPMT2YEnzXKKqCn+fRoCRAYkvGlbgHoiUjKQDo6okZZA==",
        "dependencies": {
          "Microsoft.Extensions.DependencyInjection.Abstractions": "10.0.2"
        }
      },
      "EPiServer.HtmlParsing": {
        "type": "Transitive",
        "resolved": "13.0.0",
        "contentHash": "j7dW4wtfuIFdXq06kGy8SOSfZwnxhAfRX1tRLy1EhyMuw27DManemkL1r1bCcp2qt+Qlc3DojH6bway1nAIF/A=="
      },
      "EPiServer.ImageLibrary": {
        "type": "Transitive",
        "resolved": "13.0.0",
        "contentHash": "c/WIwwbQV79MmPoDdxpt7fbCjpn0RfmxJ47i0iKZy1IB54sTqvQggEck1Am18nnqH6HNmgcp8n3CHZfp7auLWw==",
        "dependencies": {
          "Microsoft.Extensions.DependencyInjection.Abstractions": "10.0.2"
        }
      },
      "EPiServer.Licensing": {
        "type": "Transitive",
        "resolved": "13.0.0",
        "contentHash": "i8cLxs9TUxNMYO3ygQCTQg0EQffsxko1T3ACQiq4kbaGLlYiXFVqyB7XoRx801jDKVIdm0CC4yarhzYojkU60g==",
        "dependencies": {
          "Microsoft.Extensions.Configuration": "10.0.2",
          "Microsoft.Extensions.Configuration.Abstractions": "10.0.2",
          "Microsoft.Extensions.DependencyInjection": "10.0.2",
          "Microsoft.Extensions.DependencyInjection.Abstractions": "10.0.2",
          "Microsoft.Extensions.Http": "10.0.2",
          "Microsoft.Extensions.Logging": "10.0.2",
          "Microsoft.Extensions.Logging.Abstractions": "10.0.2",
          "Microsoft.Extensions.Options": "10.0.2",
          "Microsoft.Extensions.Options.ConfigurationExtensions": "10.0.2",
          "System.Security.Cryptography.Xml": "10.0.2",
          "System.Security.Permissions": "10.0.2"
        }
      },
      "EPiServer.LinkAnalyzer": {
        "type": "Transitive",
        "resolved": "13.0.0",
        "contentHash": "5fEWQ8Q0uISCqeL8K2rSNf3WI2R4dDN82bFq8hj2IomCDUOx7X0wndDiEH4Cp5Krurk8X7W5wd7Hho5qtNBk/w==",
        "dependencies": {
          "Azure.Identity": "1.17.1",
          "Castle.Core": "[5.2.1, 6.0.0)",
          "EPiServer": "[13.0.0]",
          "MailKit": "[4.15.1, 5.0.0)",
          "Microsoft.AspNetCore.StaticFiles": "2.3.9",
          "Microsoft.Data.SqlClient": "[6.1.4, 7.0.0)",
          "Microsoft.Extensions.Caching.Abstractions": "10.0.2",
          "Microsoft.Extensions.Caching.Memory": "10.0.2",
          "Microsoft.Extensions.Configuration": "10.0.2",
          "Microsoft.Extensions.Configuration.Abstractions": "10.0.2",
          "Microsoft.Extensions.DependencyInjection": "10.0.2",
          "Microsoft.Extensions.DependencyInjection.Abstractions": "10.0.2",
          "Microsoft.Extensions.DependencyModel": "10.0.2",
          "Microsoft.Extensions.Diagnostics.HealthChecks": "10.0.2",
          "Microsoft.Extensions.FileProviders.Abstractions": "10.0.2",
          "Microsoft.Extensions.Hosting.Abstractions": "10.0.2",
          "Microsoft.Extensions.Http": "10.0.2",
          "Microsoft.Extensions.Logging": "10.0.2",
          "Microsoft.Extensions.Logging.Abstractions": "10.0.2",
          "Microsoft.Extensions.Options": "10.0.2",
          "Microsoft.Extensions.Options.ConfigurationExtensions": "10.0.2",
          "Microsoft.Extensions.Options.DataAnnotations": "10.0.2",
          "Microsoft.IdentityModel.Protocols.OpenIdConnect": "8.15.0",
          "System.IO.Packaging": "10.0.2",
          "System.Security.Cryptography.Xml": "10.0.2",
          "System.Security.Permissions": "10.0.2"
        }
      },
      "EPiServer.Logging": {
        "type": "Transitive",
        "resolved": "13.0.0",
        "contentHash": "jcGVJFWZH0GeSOANi8gNsj6s7vKxyW+3mfUqcUIc5M6dHQ7bNA+UFlWQSzh3G0zwe/mrqSsoIdfXYTG2/P9/Pg==",
        "dependencies": {
          "Microsoft.Extensions.Configuration.Abstractions": "10.0.2",
          "Microsoft.Extensions.DependencyInjection.Abstractions": "10.0.2",
          "Microsoft.Extensions.FileProviders.Abstractions": "10.0.2",
          "Microsoft.Extensions.Hosting.Abstractions": "10.0.2",
          "Microsoft.Extensions.Logging.Abstractions": "10.0.2",
          "Microsoft.Extensions.Options": "10.0.2"
        }
      },
      "MailKit": {
        "type": "Transitive",
        "resolved": "4.15.1",
        "contentHash": "4mLbqTbH3ctd0NlukHjVQbU3ZnNDuCtB6ttNZDLPZLWMA2Dr31rh/eCSTqOwDojUX8zfDOVaxstMgJTE9PwZNA==",
        "dependencies": {
          "MimeKit": "4.15.1"
        }
      },
      "Microsoft.AspNetCore.Hosting.Abstractions": {
        "type": "Transitive",
        "resolved": "2.3.0",
        "contentHash": "4ivq53W2k6Nj4eez9wc81ytfGj6HR1NaZJCpOrvghJo9zHuQF57PLhPoQH5ItyCpHXnrN/y7yJDUm+TGYzrx0w==",
        "dependencies": {
          "Microsoft.AspNetCore.Hosting.Server.Abstractions": "2.3.0",
          "Microsoft.AspNetCore.Http.Abstractions": "2.3.0",
          "Microsoft.Extensions.Hosting.Abstractions": "8.0.1"
        }
      },
      "Microsoft.AspNetCore.Hosting.Server.Abstractions": {
        "type": "Transitive",
        "resolved": "2.3.0",
        "contentHash": "F5iHx7odAbFKBV1DNPDkFFcVmD5Tk7rk+tYm3LMQxHEFFdjlg5QcYb5XhHAefl5YaaPeG6ad+/ck8kSG3/D6kw==",
        "dependencies": {
          "Microsoft.AspNetCore.Http.Features": "2.3.0",
          "Microsoft.Extensions.Configuration.Abstractions": "8.0.0"
        }
      },
      "Microsoft.AspNetCore.Http.Abstractions": {
        "type": "Transitive",
        "resolved": "2.3.0",
        "contentHash": "39r9PPrjA6s0blyFv5qarckjNkaHRA5B+3b53ybuGGNTXEj1/DStQJ4NWjFL6QTRQpL9zt7nDyKxZdJOlcnq+Q==",
        "dependencies": {
          "Microsoft.AspNetCore.Http.Features": "2.3.0"
        }
      },
      "Microsoft.AspNetCore.Http.Extensions": {
        "type": "Transitive",
        "resolved": "2.3.0",
        "contentHash": "EY2u/wFF5jsYwGXXswfQWrSsFPmiXsniAlUWo3rv/MGYf99ZFsENDnZcQP6W3c/+xQmQXq0NauzQ7jyy+o1LDQ==",
        "dependencies": {
          "Microsoft.AspNetCore.Http.Abstractions": "2.3.0",
          "Microsoft.Extensions.FileProviders.Abstractions": "8.0.0",
          "Microsoft.Net.Http.Headers": "2.3.0"
        }
      },
      "Microsoft.AspNetCore.Http.Features": {
        "type": "Transitive",
        "resolved": "2.3.0",
        "contentHash": "f10WUgcsKqrkmnz6gt8HeZ7kyKjYN30PO7cSic1lPtH7paPtnQqXPOveul/SIPI43PhRD4trttg4ywnrEmmJpA==",
        "dependencies": {
          "Microsoft.Extensions.Primitives": "8.0.0"
        }
      },
      "Microsoft.AspNetCore.StaticFiles": {
        "type": "Transitive",
        "resolved": "2.3.9",
        "contentHash": "FpwdnvMYgRB+cMm6lw7nSvQJgU0i9gSO9zosfB8ed3896FeumLUerJDVIxCic7U1fK/5gcY121o/i0OOb3CRTw==",
        "dependencies": {
          "Microsoft.AspNetCore.Hosting.Abstractions": "2.3.0",
          "Microsoft.AspNetCore.Http.Extensions": "2.3.0",
          "Microsoft.Extensions.FileProviders.Abstractions": "8.0.0",
          "Microsoft.Extensions.Logging.Abstractions": "8.0.2",
          "Microsoft.Extensions.WebEncoders": "8.0.11"
        }
      },
      "Microsoft.Bcl.AsyncInterfaces": {
        "type": "Transitive",
        "resolved": "8.0.0",
        "contentHash": "3WA9q9yVqJp222P3x1wYIGDAkpjAku0TMUaaQV22g6L67AI0LdOIrVS7Ht2vJfLHGSPVuqN94vIr15qn+HEkHw=="
      },
      "Microsoft.Data.SqlClient": {
        "type": "Transitive",
        "resolved": "6.1.4",
        "contentHash": "lQcSog5LLImg4yNEuuG6ccvdzXnCvER8Rms9Ngk9zB4Q8na4f+S7/abSoC7gnEltBg4e5xTnLAWmMLIOtLg4pg==",
        "dependencies": {
          "Azure.Core": "1.50.0",
          "Azure.Identity": "1.17.1",
          "Microsoft.Data.SqlClient.SNI.runtime": "6.0.2",
          "Microsoft.Extensions.Caching.Memory": "9.0.11",
          "Microsoft.Identity.Client": "4.80.0",
          "Microsoft.IdentityModel.JsonWebTokens": "7.7.1",
          "Microsoft.IdentityModel.Protocols.OpenIdConnect": "7.7.1",
          "Microsoft.SqlServer.Server": "1.0.0",
          "System.Configuration.ConfigurationManager": "9.0.11",
          "System.IdentityModel.Tokens.Jwt": "7.7.1",
          "System.Security.Cryptography.Pkcs": "9.0.11"
        }
      },
      "Microsoft.Data.SqlClient.SNI.runtime": {
        "type": "Transitive",
        "resolved": "6.0.2",
        "contentHash": "f+pRODTWX7Y67jXO3T5S2dIPZ9qMJNySjlZT/TKmWVNWe19N8jcWmHaqHnnchaq3gxEKv1SWVY5EFzOD06l41w=="
      },
      "Microsoft.Extensions.Caching.Abstractions": {
        "type": "Transitive",
        "resolved": "10.0.2",
        "contentHash": "WIRPDa/qoKHmJhTAPCO/zLu9kRLQ2Fd6HD5tzgdXJ3xGEVXDHP6FvakKJjynwKrVDld8H4G4tcbW53wuC/wxMQ==",
        "dependencies": {
          "Microsoft.Extensions.Primitives": "10.0.2"
        }
      },
      "Microsoft.Extensions.Caching.Memory": {
        "type": "Transitive",
        "resolved": "10.0.2",
        "contentHash": "MkdPYdtsu0Ta4m9Di4XnWVdO9u+wi1LtvisoR1EteIxsXWO/+3iyAPH6RZbw2lBlWZu9lastbl2YsHVIaL9j+g==",
        "dependencies": {
          "Microsoft.Extensions.Caching.Abstractions": "10.0.2",
          "Microsoft.Extensions.DependencyInjection.Abstractions": "10.0.2",
          "Microsoft.Extensions.Logging.Abstractions": "10.0.2",
          "Microsoft.Extensions.Options": "10.0.2",
          "Microsoft.Extensions.Primitives": "10.0.2"
        }
      },
      "Microsoft.Extensions.Configuration": {
        "type": "Transitive",
        "resolved": "10.0.2",
        "contentHash": "Lws+o4DFw6p5NquRoYA3d5QVvi49ugNw7TxbW4QGLsL8F1LCCyJqWFy0+RMQ/hzUuS9aKV5NJ/XGAF5N9/RQcQ==",
        "dependencies": {
          "Microsoft.Extensions.Configuration.Abstractions": "10.0.2",
          "Microsoft.Extensions.Primitives": "10.0.2"
        }
      },
      "Microsoft.Extensions.Configuration.Abstractions": {
        "type": "Transitive",
        "resolved": "10.0.2",
        "contentHash": "KC5PslaTDnTuTvyke0KYAVBYdZ7IVTsU3JhHe69BpEbHLcj1YThP3bIGtZNOkZfast2AuLnul5lk4rZKxAdUGQ==",
        "dependencies": {
          "Microsoft.Extensions.Primitives": "10.0.2"
        }
      },
      "Microsoft.Extensions.Configuration.Binder": {
        "type": "Transitive",
        "resolved": "10.0.2",
        "contentHash": "/SdW50prUuenglSy7MXU3eVQkOk4/J4fjc+GIhv4NkTmaZOQyTqpVAYi8nRjNtOKHzCy7g5cSlOSgkbT7clLwQ==",
        "dependencies": {
          "Microsoft.Extensions.Configuration": "10.0.2",
          "Microsoft.Extensions.Configuration.Abstractions": "10.0.2"
        }
      },
      "Microsoft.Extensions.DependencyInjection": {
        "type": "Transitive",
        "resolved": "10.0.2",
        "contentHash": "J/Zmp6fY93JbaiZ11ckWvcyxMPjD6XVwIHQXBjryTBgn7O6O20HYg9uVLFcZlNfgH78MnreE/7EH+hjfzn7VyA==",
        "dependencies": {
          "Microsoft.Extensions.DependencyInjection.Abstractions": "10.0.2"
        }
      },
      "Microsoft.Extensions.DependencyInjection.Abstractions": {
        "type": "Transitive",
        "resolved": "10.0.2",
        "contentHash": "zOIurr59+kUf9vNcsUkCvKWZv+fPosUZXURZesYkJCvl0EzTc9F7maAO4Cd2WEV7ZJJ0AZrFQvuH6Npph9wdBw=="
      },
      "Microsoft.Extensions.DependencyModel": {
        "type": "Transitive",
        "resolved": "10.0.2",
        "contentHash": "DHXzj/FKmUDmhzw7AHbMXbNNcgO8Cb9PDbYOUDICjFAdIALy2WbC6pm+dFKiAUNtcYMucZu2iMVw1ef/sdcZFw=="
      },
      "Microsoft.Extensions.Diagnostics": {
        "type": "Transitive",
        "resolved": "10.0.2",
        "contentHash": "+2lv/hi6VGnaJt4877BFkkySiMiHrKCeX7K5ElIshIKpF65o63zeXMnUR4U6EQ/eM75Hx7T8s3RcqnjdcnVB1A==",
        "dependencies": {
          "Microsoft.Extensions.Configuration": "10.0.2",
          "Microsoft.Extensions.Diagnostics.Abstractions": "10.0.2",
          "Microsoft.Extensions.Options.ConfigurationExtensions": "10.0.2"
        }
      },
      "Microsoft.Extensions.Diagnostics.Abstractions": {
        "type": "Transitive",
        "resolved": "10.0.2",
        "contentHash": "GaiaeKUuLuUbRPkUokndDuzonhO6dk4lcfGflHsCeXiJ5JrZxcyks1KuG6eB9pON16x/+9uWfa4w9g3oP8AYvQ==",
        "dependencies": {
          "Microsoft.Extensions.DependencyInjection.Abstractions": "10.0.2",
          "Microsoft.Extensions.Options": "10.0.2"
        }
      },
      "Microsoft.Extensions.Diagnostics.HealthChecks": {
        "type": "Transitive",
        "resolved": "10.0.2",
        "contentHash": "PRqTKCjP5RVko1DdD5SJHaakVO5mljJUTIwQtDusIWlokvFFigxKOejc+vvcp+jJQgzkNJClXbgYhJCpncW60w==",
        "dependencies": {
          "Microsoft.Extensions.Diagnostics.HealthChecks.Abstractions": "10.0.2",
          "Microsoft.Extensions.Hosting.Abstractions": "10.0.2",
          "Microsoft.Extensions.Logging.Abstractions": "10.0.2",
          "Microsoft.Extensions.Options": "10.0.2"
        }
      },
      "Microsoft.Extensions.Diagnostics.HealthChecks.Abstractions": {
        "type": "Transitive",
        "resolved": "10.0.2",
        "contentHash": "XSVLL4AEAwY20+nSkZqBGlO7ukJVAFbqh73VIoEbYlElTSOWGMLVXwYYdzz6kJgn8EJgGk5xH4l3eYlQlNRy9Q=="
      },
      "Microsoft.Extensions.FileProviders.Abstractions": {
        "type": "Transitive",
        "resolved": "10.0.2",
        "contentHash": "+r/eJ+slW/EmwWmH3En4gzRg1k6+yTqexoHBrMuz5fxsIKJA8MDiSGepjw/ko3XyNqg+w3dxQe+huoVXs5XDJw==",
        "dependencies": {
          "Microsoft.Extensions.Primitives": "10.0.2"
        }
      },
      "Microsoft.Extensions.Hosting.Abstractions": {
        "type": "Transitive",
        "resolved": "10.0.2",
        "contentHash": "CeAAPVOtI/wtBcHOwq6Pw3VPdGi+pNaGHZj6vfXX/5zr8beO9SyL7IOCSQ70BauFTAFS0QF7f6zu2A6hC8D6nw==",
        "dependencies": {
          "Microsoft.Extensions.Configuration.Abstractions": "10.0.2",
          "Microsoft.Extensions.DependencyInjection.Abstractions": "10.0.2",
          "Microsoft.Extensions.Diagnostics.Abstractions": "10.0.2",
          "Microsoft.Extensions.FileProviders.Abstractions": "10.0.2",
          "Microsoft.Extensions.Logging.Abstractions": "10.0.2"
        }
      },
      "Microsoft.Extensions.Http": {
        "type": "Transitive",
        "resolved": "10.0.2",
        "contentHash": "egUPC0xydb1ugCMcRyJ6zaOGOzx7N4coOVlGeLcIsXhUf1xHHwZeX+ob7JuG0dXExFduHYE/t+4/4y8BLlBKmw==",
        "dependencies": {
          "Microsoft.Extensions.Configuration.Abstractions": "10.0.2",
          "Microsoft.Extensions.DependencyInjection.Abstractions": "10.0.2",
          "Microsoft.Extensions.Diagnostics": "10.0.2",
          "Microsoft.Extensions.Logging": "10.0.2",
          "Microsoft.Extensions.Logging.Abstractions": "10.0.2",
          "Microsoft.Extensions.Options": "10.0.2"
        }
      },
      "Microsoft.Extensions.Logging": {
        "type": "Transitive",
        "resolved": "10.0.2",
        "contentHash": "a0EWuBs6D3d7XMGroDXm+WsAi5CVVfjOJvyxurzWnuhBN9CO+1qHKcrKV1JK7H/T4ZtHIoVCOX/YyWM8K87qtw==",
        "dependencies": {
          "Microsoft.Extensions.DependencyInjection": "10.0.2",
          "Microsoft.Extensions.Logging.Abstractions": "10.0.2",
          "Microsoft.Extensions.Options": "10.0.2"
        }
      },
      "Microsoft.Extensions.Logging.Abstractions": {
        "type": "Transitive",
        "resolved": "10.0.2",
        "contentHash": "RZkez/JjpnO+MZ6efKkSynN6ZztLpw3WbxNzjLCPBd97wWj1S9ZYPWi0nmT4kWBRa6atHsdM1ydGkUr8GudyDQ==",
        "dependencies": {
          "Microsoft.Extensions.DependencyInjection.Abstractions": "10.0.2"
        }
      },
      "Microsoft.Extensions.Options": {
        "type": "Transitive",
        "resolved": "10.0.2",
        "contentHash": "1De2LJjmxdqopI5AYC5dIhoZQ79AR5ayywxNF1rXrXFtKQfbQOV9+n/IsZBa7qWlr0MqoGpW8+OY2v/57udZOA==",
        "dependencies": {
          "Microsoft.Extensions.DependencyInjection.Abstractions": "10.0.2",
          "Microsoft.Extensions.Primitives": "10.0.2"
        }
      },
      "Microsoft.Extensions.Options.ConfigurationExtensions": {
        "type": "Transitive",
        "resolved": "10.0.2",
        "contentHash": "8njGDg0OdDBM4Zox0ybuUOJZkQ8HcH49F+POZBlG+nsfzEyqOCHyHEkWeRVI62qsssiugUVEKqUttT1ZbV0aJQ==",
        "dependencies": {
          "Microsoft.Extensions.Configuration.Abstractions": "10.0.2",
          "Microsoft.Extensions.Configuration.Binder": "10.0.2",
          "Microsoft.Extensions.DependencyInjection.Abstractions": "10.0.2",
          "Microsoft.Extensions.Options": "10.0.2",
          "Microsoft.Extensions.Primitives": "10.0.2"
        }
      },
      "Microsoft.Extensions.Options.DataAnnotations": {
        "type": "Transitive",
        "resolved": "10.0.2",
        "contentHash": "4+3rxbvA7CNW+zUmLGHOPo1ZAQmJwipQG7vQsf4PzESD65vJzGF4TaIJ1lCWdANmKKlMAfNu+CuJvR3KsSshKg==",
        "dependencies": {
          "Microsoft.Extensions.DependencyInjection.Abstractions": "10.0.2",
          "Microsoft.Extensions.Options": "10.0.2"
        }
      },
      "Microsoft.Extensions.Primitives": {
        "type": "Transitive",
        "resolved": "10.0.2",
        "contentHash": "QmSiO+oLBEooGgB3i0GRXyeYRDHjllqt3k365jwfZlYWhvSHA3UL2NEVV5m8aZa041eIlblo6KMI5txvTMpTwA=="
      },
      "Microsoft.Extensions.WebEncoders": {
        "type": "Transitive",
        "resolved": "8.0.11",
        "contentHash": "EwF+KaQzTa/MoIm8gciABL6xeeiGKowqyam+lPYWukTppwch1P3QeL8CpgtLs8kIWuEowpAAUrVfP1kyZsZgqg==",
        "dependencies": {
          "Microsoft.Extensions.DependencyInjection.Abstractions": "8.0.2",
          "Microsoft.Extensions.Options": "8.0.2"
        }
      },
      "Microsoft.Identity.Client": {
        "type": "Transitive",
        "resolved": "4.80.0",
        "contentHash": "nmg+q17mKdNafWvaX7Of5Xh8sxc4acsD6xOOczp7kgjAzR7bpseYGZzg38XPoS/vW7k92sGKCWgHSogB0K62KQ==",
        "dependencies": {
          "Microsoft.IdentityModel.Abstractions": "8.14.0"
        }
      },
      "Microsoft.Identity.Client.Extensions.Msal": {
        "type": "Transitive",
        "resolved": "4.78.0",
        "contentHash": "DYU9o+DrDQuyZxeq91GBA9eNqBvA3ZMkLzQpF7L9dTk6FcIBM1y1IHXWqiKXTvptPF7CZE59upbyUoa+FJ5eiA==",
        "dependencies": {
          "Microsoft.Identity.Client": "4.78.0",
          "System.Security.Cryptography.ProtectedData": "4.5.0"
        }
      },
      "Microsoft.IdentityModel.Abstractions": {
        "type": "Transitive",
        "resolved": "8.15.0",
        "contentHash": "e/DApa1GfxUqHSBHcpiQg8yaghKAvFVBQFcWh25jNoRobDZbduTUACY8bZ54eeGWXvimGmEDdF0zkS5Dq16XPQ=="
      },
      "Microsoft.IdentityModel.JsonWebTokens": {
        "type": "Transitive",
        "resolved": "8.15.0",
        "contentHash": "3513f5VzvOZy3ELd42wGnh1Q3e83tlGAuXFSNbENpgWYoAhLLzgFtd5PiaOPGAU0gqKhYGVzKavghLUGfX3HQg==",
        "dependencies": {
          "Microsoft.IdentityModel.Tokens": "8.15.0"
        }
      },
      "Microsoft.IdentityModel.Logging": {
        "type": "Transitive",
        "resolved": "8.15.0",
        "contentHash": "1gJLjhy0LV2RQMJ9NGzi5Tnb2l+c37o8D8Lrk2mrvmb6OQHZ7XJstd/XxvncXgBpad4x9CGXdipbZzJJCXKyAg==",
        "dependencies": {
          "Microsoft.IdentityModel.Abstractions": "8.15.0"
        }
      },
      "Microsoft.IdentityModel.Protocols": {
        "type": "Transitive",
        "resolved": "8.15.0",
        "contentHash": "n4t/m/zpd8rx/nqMqnKmbDqDjqy404JQ+3TYrSXEn7Otw5Vfg6Hmk3tK8SyeAlTzLGC1gVrjt9awPFVBE1tUGQ==",
        "dependencies": {
          "Microsoft.IdentityModel.Tokens": "8.15.0"
        }
      },
      "Microsoft.IdentityModel.Protocols.OpenIdConnect": {
        "type": "Transitive",
        "resolved": "8.15.0",
        "contentHash": "uJ5cHsTHRqx/1W68Gz/7hqUgudai1CXnokIXTQw+ZI1o3hWuhQa1vgSzXX9+IAkOJ/gP+M590Fg3WTwqglJghg==",
        "dependencies": {
          "Microsoft.IdentityModel.Protocols": "8.15.0",
          "System.IdentityModel.Tokens.Jwt": "8.15.0"
        }
      },
      "Microsoft.IdentityModel.Tokens": {
        "type": "Transitive",
        "resolved": "8.15.0",
        "contentHash": "zUE9ysJXBtXlHHRtcRK3Sp8NzdCI1z/BRDTXJQ2TvBoI0ENRtnufYIep0O5TSCJRJGDwwuLTUx+l/bEYZUxpCA==",
        "dependencies": {
          "Microsoft.Extensions.Logging.Abstractions": "10.0.0",
          "Microsoft.IdentityModel.Logging": "8.15.0"
        }
      },
      "Microsoft.Net.Http.Headers": {
        "type": "Transitive",
        "resolved": "2.3.0",
        "contentHash": "/M0wVg6tJUOHutWD3BMOUVZAioJVXe0tCpFiovzv0T9T12TBf4MnaHP0efO8TCr1a6O9RZgQeZ9Gdark8L9XdA==",
        "dependencies": {
          "Microsoft.Extensions.Primitives": "8.0.0"
        }
      },
      "Microsoft.SqlServer.Server": {
        "type": "Transitive",
        "resolved": "1.0.0",
        "contentHash": "N4KeF3cpcm1PUHym1RmakkzfkEv3GRMyofVv40uXsQhCQeglr2OHNcUk2WOG51AKpGO8ynGpo9M/kFXSzghwug=="
      },
      "MimeKit": {
        "type": "Transitive",
        "resolved": "4.15.1",
        "contentHash": "cxCcQhD0zhboFoG136jJuJtQjNRDJ+BxBm3f2vWn+53bff/CRo+K1mAkWjsW4Wuyy5O22F40MdMG2nRzQu1cJw==",
        "dependencies": {
          "BouncyCastle.Cryptography": "2.6.2",
          "System.Security.Cryptography.Pkcs": "10.0.0"
        }
      },
      "System.ClientModel": {
        "type": "Transitive",
        "resolved": "1.8.0",
        "contentHash": "AqRzhn0v29GGGLj/Z6gKq4lGNtvPHT4nHdG5PDJh9IfVjv/nYUVmX11hwwws1vDFeIAzrvmn0dPu8IjLtu6fAw==",
        "dependencies": {
          "Microsoft.Extensions.Logging.Abstractions": "8.0.3",
          "System.Memory.Data": "8.0.1"
        }
      },
      "System.Configuration.ConfigurationManager": {
        "type": "Transitive",
        "resolved": "9.0.11",
        "contentHash": "vPinosRgEk1CGjohbv0pDuz6gPprkWo5xvBTjOJjks5JOgOEWvPndq5NngGxiTcBcy1+k9GwzZ1c3Bp2fU5ezw==",
        "dependencies": {
          "System.Diagnostics.EventLog": "9.0.11",
          "System.Security.Cryptography.ProtectedData": "9.0.11"
        }
      },
      "System.Diagnostics.EventLog": {
        "type": "Transitive",
        "resolved": "9.0.11",
        "contentHash": "2Us/NchH6SM69NYWzf8NRyeftdv3ILso8LMiMdAjT7ECTiZKzddiXWhAyQj6ZzbddoAOHS9GdlPbAAkwCPID3Q=="
      },
      "System.IdentityModel.Tokens.Jwt": {
        "type": "Transitive",
        "resolved": "8.15.0",
        "contentHash": "dpodi7ixz6hxK8YCBYAWzm0IA8JYXoKcz0hbCbNifo519//rjUI0fBD8rfNr+IGqq+2gm4oQoXwHk09LX5SqqQ==",
        "dependencies": {
          "Microsoft.IdentityModel.JsonWebTokens": "8.15.0",
          "Microsoft.IdentityModel.Tokens": "8.15.0"
        }
      },
      "System.IO.Packaging": {
        "type": "Transitive",
        "resolved": "10.0.2",
        "contentHash": "JTpM4z0wpoIHHDvlCU27HsXo+zVnpWib94HXQpzzr+jc/P9NYf4w353AK4MXyGq/grm1mbLi7eXsOsDU8sGmNg=="
      },
      "System.Memory.Data": {
        "type": "Transitive",
        "resolved": "8.0.1",
        "contentHash": "BVYuec3jV23EMRDeR7Dr1/qhx7369dZzJ9IWy2xylvb4YfXsrUxspWc4UWYid/tj4zZK58uGZqn2WQiaDMhmAg=="
      },
      "System.Security.Cryptography.Pkcs": {
        "type": "Transitive",
        "resolved": "10.0.2",
        "contentHash": "TVb4L6atqzRB33qBy4FVdmQMmDGzzBGwiwqI6u5WnJ6ag275pPLJgPWIVzYzT5hqTACrWyfHbttqylbexvur9w=="
      },
      "System.Security.Cryptography.ProtectedData": {
        "type": "Transitive",
        "resolved": "9.0.11",
        "contentHash": "s8yUYuYYu+PAwvBdhLG1KyrGrk9gkYeuPxfAsXsTqqWyepwSyEw8hAaflW4nO98NG52YpYI1am2+9o+79h2RtQ=="
      },
      "System.Security.Cryptography.Xml": {
        "type": "Transitive",
        "resolved": "10.0.2",
        "contentHash": "S2ngJA5778rvrgmP+eVarLR0kIXBrwDT/A25nFMSf5t7SEKKw+SOhukyfHQ9dnKdrQ1Z3mdRI1lvzzDaE93RFg==",
        "dependencies": {
          "System.Security.Cryptography.Pkcs": "10.0.2"
        }
      },
      "System.Security.Permissions": {
        "type": "Transitive",
        "resolved": "10.0.2",
        "contentHash": "6u42B99m8M38sQJh8njFrffV4TeD6Z5ilyJNgBN49nRvawQC5VedMUk9btFyU7t7+WSbVse7Sxc9ahRm8JXd+A==",
        "dependencies": {
          "System.Windows.Extensions": "10.0.2"
        }
      },
      "System.Windows.Extensions": {
        "type": "Transitive",
        "resolved": "10.0.2",
        "contentHash": "FJEb7THQLoYQDSIfu656zidYmLFZTBE9gi/IdKpPV9KhGuMZL/xLpLpRNLr7WDt2oLNldae8Jp/1e2H+MPCxGg=="
      },
      "davidhome.rssfeed": {
        "type": "Project",
        "dependencies": {
          "DavidHome.RssFeed.Contracts": "[1.0.0, )",
          "DavidHome.RssFeed.Models": "[1.0.0, )",
          "System.ServiceModel.Syndication": "[10.0.0, )"
        }
      },
      "davidhome.rssfeed.contracts": {
        "type": "Project",
        "dependencies": {
          "DavidHome.RssFeed.Models": "[1.0.0, )",
          "System.ServiceModel.Syndication": "[10.0.0, )"
        }
      },
      "davidhome.rssfeed.models": {
        "type": "Project",
        "dependencies": {
          "System.ServiceModel.Syndication": "[10.0.0, )"
        }
      },
      "davidhome.rssfeed.optimizely.contracts": {
        "type": "Project",
        "dependencies": {
          "EPiServer.CMS.Core": "[13.0.0, 14.0.0)"
        }
      },
      "davidhome.rssfeed.optimizely.models": {
        "type": "Project",
        "dependencies": {
          "DavidHome.RssFeed.Models": "[1.0.0, )",
          "EPiServer.CMS.Core": "[13.0.0, 14.0.0)"
        }
      },
      "Azure.Identity": {
        "type": "CentralTransitive",
        "requested": "[1.17.1, )",
        "resolved": "1.17.1",
        "contentHash": "MSZkBrctcpiGxs9Cvr2VKKoN6qFLZlP3I6xuCWJ9iTgitI5Rgxtk5gfOSpXPZE3+CJmZ/mnqpQyGyjawFn5Vvg==",
        "dependencies": {
          "Azure.Core": "1.50.0",
          "Microsoft.Identity.Client": "4.78.0",
          "Microsoft.Identity.Client.Extensions.Msal": "4.78.0"
        }
      },
      "EPiServer.Cms.AspNetCore": {
        "type": "CentralTransitive",
        "requested": "[13.0.0, 14.0.0)",
        "resolved": "13.0.0",
        "contentHash": "lJmekjfTyNigZiABCULBWsuxaFtHY0t3kmcMV00ZIhCoY2ojeATgrsD86IP+ywXZ0Vy1ijakjwm9sSqtZLFhlw==",
        "dependencies": {
          "Azure.Identity": "1.17.1",
          "Castle.Core": "[5.2.1, 6.0.0)",
          "EPiServer.Cms.Core": "[13.0.0]",
          "EPiServer.Framework.AspNetCore": "[13.0.0]",
          "MailKit": "[4.15.1, 5.0.0)",
          "Microsoft.AspNetCore.StaticFiles": "2.3.9",
          "Microsoft.Data.SqlClient": "[6.1.4, 7.0.0)",
          "Microsoft.Extensions.Caching.Abstractions": "10.0.2",
          "Microsoft.Extensions.Caching.Memory": "10.0.2",
          "Microsoft.Extensions.Configuration": "10.0.2",
          "Microsoft.Extensions.Configuration.Abstractions": "10.0.2",
          "Microsoft.Extensions.DependencyInjection": "10.0.2",
          "Microsoft.Extensions.DependencyInjection.Abstractions": "10.0.2",
          "Microsoft.Extensions.DependencyModel": "10.0.2",
          "Microsoft.Extensions.Diagnostics.HealthChecks": "10.0.2",
          "Microsoft.Extensions.FileProviders.Abstractions": "10.0.2",
          "Microsoft.Extensions.Hosting.Abstractions": "10.0.2",
          "Microsoft.Extensions.Http": "10.0.2",
          "Microsoft.Extensions.Logging": "10.0.2",
          "Microsoft.Extensions.Logging.Abstractions": "10.0.2",
          "Microsoft.Extensions.Options": "10.0.2",
          "Microsoft.Extensions.Options.ConfigurationExtensions": "10.0.2",
          "Microsoft.Extensions.Options.DataAnnotations": "10.0.2",
          "Microsoft.IdentityModel.Protocols.OpenIdConnect": "8.15.0",
          "System.IO.Packaging": "10.0.2",
          "System.Security.Cryptography.Xml": "10.0.2",
          "System.Security.Permissions": "10.0.2"
        }
      },
      "EPiServer.Cms.AspNetCore.Templating": {
        "type": "CentralTransitive",
        "requested": "[13.0.0, 14.0.0)",
        "resolved": "13.0.0",
        "contentHash": "JW8WgKnCzjUWU5GN0ggvSmUxSe3mAiswx0uVRITE09I6cZcrZnbgHSygej9HZSl8am17XyKuElM7YTWOarbh7A==",
        "dependencies": {
          "Azure.Identity": "1.17.1",
          "Castle.Core": "[5.2.1, 6.0.0)",
          "EPiServer.Cms.AspNetCore": "[13.0.0]",
          "MailKit": "[4.15.1, 5.0.0)",
          "Microsoft.AspNetCore.StaticFiles": "2.3.9",
          "Microsoft.Data.SqlClient": "[6.1.4, 7.0.0)",
          "Microsoft.Extensions.Caching.Abstractions": "10.0.2",
          "Microsoft.Extensions.Caching.Memory": "10.0.2",
          "Microsoft.Extensions.Configuration": "10.0.2",
          "Microsoft.Extensions.Configuration.Abstractions": "10.0.2",
          "Microsoft.Extensions.DependencyInjection": "10.0.2",
          "Microsoft.Extensions.DependencyInjection.Abstractions": "10.0.2",
          "Microsoft.Extensions.DependencyModel": "10.0.2",
          "Microsoft.Extensions.Diagnostics.HealthChecks": "10.0.2",
          "Microsoft.Extensions.FileProviders.Abstractions": "10.0.2",
          "Microsoft.Extensions.Hosting.Abstractions": "10.0.2",
          "Microsoft.Extensions.Http": "10.0.2",
          "Microsoft.Extensions.Logging": "10.0.2",
          "Microsoft.Extensions.Logging.Abstractions": "10.0.2",
          "Microsoft.Extensions.Options": "10.0.2",
          "Microsoft.Extensions.Options.ConfigurationExtensions": "10.0.2",
          "Microsoft.Extensions.Options.DataAnnotations": "10.0.2",
          "Microsoft.IdentityModel.Protocols.OpenIdConnect": "8.15.0",
          "System.IO.Packaging": "10.0.2",
          "System.Security.Cryptography.Xml": "10.0.2",
          "System.Security.Permissions": "10.0.2"
        }
      },
      "EPiServer.Cms.Core": {
        "type": "CentralTransitive",
        "requested": "[13.0.0, 14.0.0)",
        "resolved": "13.0.0",
        "contentHash": "W9fiRbVe6ti5WwPdRk3Y41ZKpnRRQEi34nMxvEkIjgVHJ85JDU3zkuIWESAkPTDZ+4bAGk0+vlvFzT8vLDUk7Q==",
        "dependencies": {
          "Azure.Identity": "1.17.1",
          "Castle.Core": "[5.2.1, 6.0.0)",
          "EPiServer": "[13.0.0]",
          "EPiServer.Enterprise": "[13.0.0]",
          "EPiServer.LinkAnalyzer": "[13.0.0]",
          "MailKit": "[4.15.1, 5.0.0)",
          "Microsoft.AspNetCore.StaticFiles": "2.3.9",
          "Microsoft.Data.SqlClient": "[6.1.4, 7.0.0)",
          "Microsoft.Extensions.Caching.Abstractions": "10.0.2",
          "Microsoft.Extensions.Caching.Memory": "10.0.2",
          "Microsoft.Extensions.Configuration": "10.0.2",
          "Microsoft.Extensions.Configuration.Abstractions": "10.0.2",
          "Microsoft.Extensions.DependencyInjection": "10.0.2",
          "Microsoft.Extensions.DependencyInjection.Abstractions": "10.0.2",
          "Microsoft.Extensions.DependencyModel": "10.0.2",
          "Microsoft.Extensions.Diagnostics.HealthChecks": "10.0.2",
          "Microsoft.Extensions.FileProviders.Abstractions": "10.0.2",
          "Microsoft.Extensions.Hosting.Abstractions": "10.0.2",
          "Microsoft.Extensions.Http": "10.0.2",
          "Microsoft.Extensions.Logging": "10.0.2",
          "Microsoft.Extensions.Logging.Abstractions": "10.0.2",
          "Microsoft.Extensions.Options": "10.0.2",
          "Microsoft.Extensions.Options.ConfigurationExtensions": "10.0.2",
          "Microsoft.Extensions.Options.DataAnnotations": "10.0.2",
          "Microsoft.IdentityModel.Protocols.OpenIdConnect": "8.15.0",
          "System.IO.Packaging": "10.0.2",
          "System.Security.Cryptography.Xml": "10.0.2",
          "System.Security.Permissions": "10.0.2"
        }
      },
      "System.ServiceModel.Syndication": {
        "type": "CentralTransitive",
        "requested": "[10.0.0, )",
        "resolved": "10.0.0",
        "contentHash": "HBrGaOQoEaDlMOykS/LfQr9BZ0pEF4SOcscH5oMpBF46+lqMMfgfat3Jm5SpW8IaDzzn/IakYjpWk3bEGSh1vA=="
      }
    }
  }
}