{
  "version": 2,
  "dependencies": {
    "net10.0": {
      "EPiServer.CMS.Core": {
        "type": "Direct",
        "requested": "[12.4.0, 13.0.0)",
        "resolved": "12.4.0",
        "contentHash": "mse75rDvemvHOllxL9iZPMiM4LhCwk8A5qijDCq17SSfnLJQxW/Va9r2GJ88fzw14VEugM4ns7RLRBgcOyuiyQ==",
        "dependencies": {
          "Castle.Core": "[4.4.1, 5.0.0)",
          "Castle.Windsor": "[5.1.1, 6.0.0)",
          "EPiServer.Framework": "[12.4.0]",
          "MailKit": "[2.10.1, 3.0.0)",
          "SixLabors.ImageSharp": "[1.0.4, 2.0.0)",
          "System.IO.Packaging": "[6.0.0, 7.0.0)",
          "System.Threading.Tasks.Dataflow": "[6.0.0, 7.0.0)"
        }
      },
      "GitVersion.MsBuild": {
        "type": "Direct",
        "requested": "[6.5.0, )",
        "resolved": "6.5.0",
        "contentHash": "OYBNhjZd8GcUusZWkoVCSFNujzG9fINpWi59YCax+6DXLJciu1RNC+TXSspgrACR6FMUdVDNqKNMHzB7B+X+jQ=="
      },
      "Castle.Core": {
        "type": "Transitive",
        "resolved": "4.4.1",
        "contentHash": "zanbjWC0Y05gbx4eGXkzVycOQqVOFVeCjVsDSyuao9P4mtN1w3WxxTo193NGC7j3o2u3AJRswaoC6hEbnGACnQ==",
        "dependencies": {
          "NETStandard.Library": "1.6.1"
        }
      },
      "Castle.Windsor": {
        "type": "Transitive",
        "resolved": "5.1.1",
        "contentHash": "m1YCo+V+MHUqJV7+KtXlNYig93tEAnPdPevIHi8hVqV8/ceF82Nqe8vS1ROQ25nweTcxYgkrLHwhvJsH2SFwZA==",
        "dependencies": {
          "Castle.Core": "4.4.1",
          "Microsoft.Extensions.DependencyModel": "1.1.2",
          "NETStandard.Library": "1.6.1"
        }
      },
      "EPiServer.Framework": {
        "type": "Transitive",
        "resolved": "12.4.0",
        "contentHash": "CcJoYT3GzCntvUPIhrZWDD8GXrevJlmQwnmzFZ2nGrGg0K0+EeU085kfpF/KFQkjr4R6tng5nOWmn0uRjfT1nQ==",
        "dependencies": {
          "Microsoft.Data.SqlClient": "[4.0.0, 5.0.0)",
          "Newtonsoft.Json": "[13.0.1, 14.0.0)",
          "System.Security.Cryptography.Xml": "[6.0.0, 7.0.0)",
          "System.Security.Permissions": "[6.0.0, 7.0.0)",
          "System.Threading.AccessControl": "[6.0.0, 7.0.0)"
        }
      },
      "MailKit": {
        "type": "Transitive",
        "resolved": "2.10.1",
        "contentHash": "CG0utzggjYutAzlOnuY+2yS2HGL4WFTbAYtU73vBSGdHKMXNRnVy9onITGqz1Rmmq5Q63de/ZJBXzNyNPCx9Mw==",
        "dependencies": {
          "MimeKit": "2.10.1"
        }
      },
      "Microsoft.DotNet.PlatformAbstractions": {
        "type": "Transitive",
        "resolved": "1.1.2",
        "contentHash": "R1BV4p6dJQHjqPSiU3Kb8otyC0pVbk3HWVMx8yi4zQ/eZyQRQ6vli1Ron2GwXVK7+g0RELs2chy+v+v8gTAnmw=="
      },
      "Microsoft.Extensions.DependencyModel": {
        "type": "Transitive",
        "resolved": "1.1.2",
        "contentHash": "v/Y38U1tsdr8s5SLpTzbiwsugSFV+JNtm2lGb0agKDt/IwmWFbAqOR/rLr/ER1u4X5cHRv/J2dU6acUzYA0MFQ==",
        "dependencies": {
          "Microsoft.DotNet.PlatformAbstractions": "1.1.2",
          "Newtonsoft.Json": "9.0.1"
        }
      },
      "Microsoft.NETCore.Platforms": {
        "type": "Transitive",
        "resolved": "1.1.0",
        "contentHash": "kz0PEW2lhqygehI/d6XsPCQzD7ff7gUJaVGPVETX611eadGsA3A877GdSlU0LRVMCTH/+P3o2iDTak+S08V2+A=="
      },
      "Microsoft.Win32.SystemEvents": {
        "type": "Transitive",
        "resolved": "6.0.0",
        "contentHash": "hqTM5628jSsQiv+HGpiq3WKBl2c8v1KZfby2J6Pr7pEPlK9waPdgEO6b8A/+/xn/yZ9ulv8HuqK71ONy2tg67A=="
      },
      "MimeKit": {
        "type": "Transitive",
        "resolved": "2.10.1",
        "contentHash": "rBpIsOdgpMvcNraBDgQSSNCk/MVxxFv7VX2Qq1WnFJ4AnvjIU+r12gaKs6r+SRvCEZWvC5CQlKHuoQbIbO/brA==",
        "dependencies": {
          "Portable.BouncyCastle": "1.8.8",
          "System.Reflection.TypeExtensions": "4.4.0",
          "System.Security.Cryptography.Pkcs": "4.7.0"
        }
      },
      "NETStandard.Library": {
        "type": "Transitive",
        "resolved": "1.6.1",
        "contentHash": "WcSp3+vP+yHNgS8EV5J7pZ9IRpeDuARBPN28by8zqff1wJQXm26PVU8L3/fYLBJVU7BtDyqNVWq2KlCVvSSR4A==",
        "dependencies": {
          "Microsoft.NETCore.Platforms": "1.1.0"
        }
      },
      "Newtonsoft.Json": {
        "type": "Transitive",
        "resolved": "13.0.1",
        "contentHash": "ppPFpBcvxdsfUonNcvITKqLl3bqxWbDCZIzDWHzjpdAHRFfZe0Dw9HmA0+za13IdyrgJwpkDTDA9fHaxOrt20A=="
      },
      "Portable.BouncyCastle": {
        "type": "Transitive",
        "resolved": "1.8.8",
        "contentHash": "1rxdf8NfyAxLlqIEciCl/yNhmz1YiLkmp6rrF8p3/NVmyHHzPWLx8djtDvSAwhPLg64BXvsRcM3+5bP1HAUdYg=="
      },
      "System.Drawing.Common": {
        "type": "Transitive",
        "resolved": "6.0.0",
        "contentHash": "NfuoKUiP2nUWwKZN6twGqXioIe1zVD0RIj2t976A+czLHr2nY454RwwXs6JU9Htc6mwqL6Dn/nEL3dpVf2jOhg==",
        "dependencies": {
          "Microsoft.Win32.SystemEvents": "6.0.0"
        }
      },
      "System.Reflection.TypeExtensions": {
        "type": "Transitive",
        "resolved": "4.4.0",
        "contentHash": "dkmh/ySlwnXJp/1qYP9uyKkCK1CXR/REFzl7abHcArxBcV91mY2CgrrzSRA5Z/X4MevJWwXsklGRdR3A7K9zbg=="
      },
      "System.Security.Cryptography.Pkcs": {
        "type": "Transitive",
        "resolved": "9.0.4",
        "contentHash": "cUFTcMlz/Qw9s90b2wnWSCvHdjv51Bau9FQqhsr4TlwSe1OX+7SoXUqphis5G74MLOvMOCghxPPlEqOdCrVVGA=="
      },
      "System.Security.Cryptography.Xml": {
        "type": "Transitive",
        "resolved": "6.0.0",
        "contentHash": "puJ4UCh9JVRwOCyCIcq71JY6Axr8Sp8E2GjTIU1Fj8hm4+oX6NEoyGFGa/+pBG8SrVxbQPSj7hvtaREyTHHsmw==",
        "dependencies": {
          "System.Security.Cryptography.Pkcs": "6.0.0"
        }
      },
      "System.Security.Permissions": {
        "type": "Transitive",
        "resolved": "6.0.0",
        "contentHash": "T/uuc7AklkDoxmcJ7LGkyX1CcSviZuLCa4jg3PekfJ7SU0niF0IVTXwUiNVP9DSpzou2PpxJ+eNY2IfDM90ZCg==",
        "dependencies": {
          "System.Windows.Extensions": "6.0.0"
        }
      },
      "System.Threading.AccessControl": {
        "type": "Transitive",
        "resolved": "6.0.0",
        "contentHash": "2258mqWesMch/xCpcnjJBgJP33yhpZLGLbEOm01qwq0efG4b+NG8c9sxYOWNxmDQ82swXrnQRl1Yp2wC1NrfZA=="
      },
      "System.Threading.Tasks.Dataflow": {
        "type": "Transitive",
        "resolved": "6.0.0",
        "contentHash": "+tyDCU3/B1lDdOOAJywHQoFwyXIUghIaP2BxG79uvhfTnO+D9qIgjVlL/JV2NTliYbMHpd6eKDmHp2VHpij7MA=="
      },
      "System.Windows.Extensions": {
        "type": "Transitive",
        "resolved": "6.0.0",
        "contentHash": "IXoJOXIqc39AIe+CIR7koBtRGMiCt/LPM3lI+PELtDIy9XdyeSrwXFdWV9dzJ2Awl0paLWUaknLxFQ5HpHZUog==",
        "dependencies": {
          "System.Drawing.Common": "6.0.0"
        }
      }
    },
    "net8.0": {
      "EPiServer.CMS.Core": {
        "type": "Direct",
        "requested": "[12.4.0, 13.0.0)",
        "resolved": "12.4.0",
        "contentHash": "mse75rDvemvHOllxL9iZPMiM4LhCwk8A5qijDCq17SSfnLJQxW/Va9r2GJ88fzw14VEugM4ns7RLRBgcOyuiyQ==",
        "dependencies": {
          "Castle.Core": "[4.4.1, 5.0.0)",
          "Castle.Windsor": "[5.1.1, 6.0.0)",
          "EPiServer.Framework": "[12.4.0]",
          "MailKit": "[2.10.1, 3.0.0)",
          "SixLabors.ImageSharp": "[1.0.4, 2.0.0)",
          "System.IO.Packaging": "[6.0.0, 7.0.0)",
          "System.Threading.Tasks.Dataflow": "[6.0.0, 7.0.0)"
        }
      },
      "GitVersion.MsBuild": {
        "type": "Direct",
        "requested": "[6.5.0, )",
        "resolved": "6.5.0",
        "contentHash": "OYBNhjZd8GcUusZWkoVCSFNujzG9fINpWi59YCax+6DXLJciu1RNC+TXSspgrACR6FMUdVDNqKNMHzB7B+X+jQ=="
      },
      "Castle.Core": {
        "type": "Transitive",
        "resolved": "4.4.1",
        "contentHash": "zanbjWC0Y05gbx4eGXkzVycOQqVOFVeCjVsDSyuao9P4mtN1w3WxxTo193NGC7j3o2u3AJRswaoC6hEbnGACnQ==",
        "dependencies": {
          "NETStandard.Library": "1.6.1"
        }
      },
      "Castle.Windsor": {
        "type": "Transitive",
        "resolved": "5.1.1",
        "contentHash": "m1YCo+V+MHUqJV7+KtXlNYig93tEAnPdPevIHi8hVqV8/ceF82Nqe8vS1ROQ25nweTcxYgkrLHwhvJsH2SFwZA==",
        "dependencies": {
          "Castle.Core": "4.4.1",
          "Microsoft.Extensions.DependencyModel": "1.1.2",
          "NETStandard.Library": "1.6.1"
        }
      },
      "EPiServer.Framework": {
        "type": "Transitive",
        "resolved": "12.4.0",
        "contentHash": "CcJoYT3GzCntvUPIhrZWDD8GXrevJlmQwnmzFZ2nGrGg0K0+EeU085kfpF/KFQkjr4R6tng5nOWmn0uRjfT1nQ==",
        "dependencies": {
          "Microsoft.Data.SqlClient": "[4.0.0, 5.0.0)",
          "Newtonsoft.Json": "[13.0.1, 14.0.0)",
          "System.Security.Cryptography.Xml": "[6.0.0, 7.0.0)",
          "System.Security.Permissions": "[6.0.0, 7.0.0)",
          "System.Threading.AccessControl": "[6.0.0, 7.0.0)"
        }
      },
      "MailKit": {
        "type": "Transitive",
        "resolved": "2.10.1",
        "contentHash": "CG0utzggjYutAzlOnuY+2yS2HGL4WFTbAYtU73vBSGdHKMXNRnVy9onITGqz1Rmmq5Q63de/ZJBXzNyNPCx9Mw==",
        "dependencies": {
          "MimeKit": "2.10.1"
        }
      },
      "Microsoft.DotNet.PlatformAbstractions": {
        "type": "Transitive",
        "resolved": "1.1.2",
        "contentHash": "R1BV4p6dJQHjqPSiU3Kb8otyC0pVbk3HWVMx8yi4zQ/eZyQRQ6vli1Ron2GwXVK7+g0RELs2chy+v+v8gTAnmw=="
      },
      "Microsoft.Extensions.DependencyModel": {
        "type": "Transitive",
        "resolved": "1.1.2",
        "contentHash": "v/Y38U1tsdr8s5SLpTzbiwsugSFV+JNtm2lGb0agKDt/IwmWFbAqOR/rLr/ER1u4X5cHRv/J2dU6acUzYA0MFQ==",
        "dependencies": {
          "Microsoft.DotNet.PlatformAbstractions": "1.1.2",
          "Newtonsoft.Json": "9.0.1"
        }
      },
      "Microsoft.NETCore.Platforms": {
        "type": "Transitive",
        "resolved": "1.1.0",
        "contentHash": "kz0PEW2lhqygehI/d6XsPCQzD7ff7gUJaVGPVETX611eadGsA3A877GdSlU0LRVMCTH/+P3o2iDTak+S08V2+A=="
      },
      "Microsoft.Win32.SystemEvents": {
        "type": "Transitive",
        "resolved": "6.0.0",
        "contentHash": "hqTM5628jSsQiv+HGpiq3WKBl2c8v1KZfby2J6Pr7pEPlK9waPdgEO6b8A/+/xn/yZ9ulv8HuqK71ONy2tg67A=="
      },
      "MimeKit": {
        "type": "Transitive",
        "resolved": "2.10.1",
        "contentHash": "rBpIsOdgpMvcNraBDgQSSNCk/MVxxFv7VX2Qq1WnFJ4AnvjIU+r12gaKs6r+SRvCEZWvC5CQlKHuoQbIbO/brA==",
        "dependencies": {
          "Portable.BouncyCastle": "1.8.8",
          "System.Security.Cryptography.Pkcs": "4.7.0"
        }
      },
      "NETStandard.Library": {
        "type": "Transitive",
        "resolved": "1.6.1",
        "contentHash": "WcSp3+vP+yHNgS8EV5J7pZ9IRpeDuARBPN28by8zqff1wJQXm26PVU8L3/fYLBJVU7BtDyqNVWq2KlCVvSSR4A==",
        "dependencies": {
          "Microsoft.NETCore.Platforms": "1.1.0"
        }
      },
      "Newtonsoft.Json": {
        "type": "Transitive",
        "resolved": "13.0.1",
        "contentHash": "ppPFpBcvxdsfUonNcvITKqLl3bqxWbDCZIzDWHzjpdAHRFfZe0Dw9HmA0+za13IdyrgJwpkDTDA9fHaxOrt20A=="
      },
      "Portable.BouncyCastle": {
        "type": "Transitive",
        "resolved": "1.8.8",
        "contentHash": "1rxdf8NfyAxLlqIEciCl/yNhmz1YiLkmp6rrF8p3/NVmyHHzPWLx8djtDvSAwhPLg64BXvsRcM3+5bP1HAUdYg=="
      },
      "System.Drawing.Common": {
        "type": "Transitive",
        "resolved": "6.0.0",
        "contentHash": "NfuoKUiP2nUWwKZN6twGqXioIe1zVD0RIj2t976A+czLHr2nY454RwwXs6JU9Htc6mwqL6Dn/nEL3dpVf2jOhg==",
        "dependencies": {
          "Microsoft.Win32.SystemEvents": "6.0.0"
        }
      },
      "System.Security.Cryptography.Pkcs": {
        "type": "Transitive",
        "resolved": "8.0.1",
        "contentHash": "CoCRHFym33aUSf/NtWSVSZa99dkd0Hm7OCZUxORBjRB16LNhIEOf8THPqzIYlvKM0nNDAPTRBa1FxEECrgaxxA=="
      },
      "System.Security.Cryptography.Xml": {
        "type": "Transitive",
        "resolved": "6.0.0",
        "contentHash": "puJ4UCh9JVRwOCyCIcq71JY6Axr8Sp8E2GjTIU1Fj8hm4+oX6NEoyGFGa/+pBG8SrVxbQPSj7hvtaREyTHHsmw==",
        "dependencies": {
          "System.Security.Cryptography.Pkcs": "6.0.0"
        }
      },
      "System.Security.Permissions": {
        "type": "Transitive",
        "resolved": "6.0.0",
        "contentHash": "T/uuc7AklkDoxmcJ7LGkyX1CcSviZuLCa4jg3PekfJ7SU0niF0IVTXwUiNVP9DSpzou2PpxJ+eNY2IfDM90ZCg==",
        "dependencies": {
          "System.Windows.Extensions": "6.0.0"
        }
      },
      "System.Threading.AccessControl": {
        "type": "Transitive",
        "resolved": "6.0.0",
        "contentHash": "2258mqWesMch/xCpcnjJBgJP33yhpZLGLbEOm01qwq0efG4b+NG8c9sxYOWNxmDQ82swXrnQRl1Yp2wC1NrfZA=="
      },
      "System.Threading.Tasks.Dataflow": {
        "type": "Transitive",
        "resolved": "6.0.0",
        "contentHash": "+tyDCU3/B1lDdOOAJywHQoFwyXIUghIaP2BxG79uvhfTnO+D9qIgjVlL/JV2NTliYbMHpd6eKDmHp2VHpij7MA=="
      },
      "System.Windows.Extensions": {
        "type": "Transitive",
        "resolved": "6.0.0",
        "contentHash": "IXoJOXIqc39AIe+CIR7koBtRGMiCt/LPM3lI+PELtDIy9XdyeSrwXFdWV9dzJ2Awl0paLWUaknLxFQ5HpHZUog==",
        "dependencies": {
          "System.Drawing.Common": "6.0.0"
        }
      }
    }
  }
}