{
  "version": 2,
  "dependencies": {
    "net10.0": {
      "EPiServer.Cms.Core": {
        "type": "Direct",
        "requested": "[13.0.0-preview2, 13.0.0)",
        "resolved": "13.0.0-preview2",
        "contentHash": "aigfARXSy2gOO9Xrx2cB1lFWIR92/mIFw5Qw6h5ffTMwbndY59PKXwlIKct3gb/XhbmIZO3acB4u79FWmFnXgg==",
        "dependencies": {
          "Azure.Identity": "1.15.0",
          "Castle.Core": "[5.2.1, 6.0.0)",
          "EPiServer": "[13.0.0-preview2]",
          "EPiServer.Enterprise": "[13.0.0-preview2]",
          "EPiServer.LinkAnalyzer": "[13.0.0-preview2]",
          "MailKit": "[4.9.0, 5.0.0)",
          "Microsoft.Data.SqlClient": "[6.1.3, 7.0.0)",
          "Microsoft.Extensions.DependencyModel": "10.0.0",
          "Microsoft.IdentityModel.Protocols.OpenIdConnect": "8.15.0",
          "System.Configuration.ConfigurationManager": "10.0.0",
          "System.IO.Packaging": "10.0.0",
          "System.Security.Permissions": "10.0.0"
        }
      },
      "GitVersion.MsBuild": {
        "type": "Direct",
        "requested": "[6.6.0, )",
        "resolved": "6.6.0",
        "contentHash": "DleYRs4QwkTFmqODJKBgQ3wRbPytZ/Zb5ZdBczUslXkAizp+2vVS+NuivgjwzZNnLKyVFa3IYUAcGbcMAgs3Ww=="
      },
      "Azure.Core": {
        "type": "Transitive",
        "resolved": "1.47.1",
        "contentHash": "oPcncSsDHuxB8SC522z47xbp2+ttkcKv2YZ90KXhRKN0YQd2+7l1UURT9EBzUNEXtkLZUOAB5xbByMTrYRh3yA==",
        "dependencies": {
          "Microsoft.Bcl.AsyncInterfaces": "8.0.0",
          "System.ClientModel": "1.5.1",
          "System.Memory.Data": "8.0.1"
        }
      },
      "BouncyCastle.Cryptography": {
        "type": "Transitive",
        "resolved": "2.5.0",
        "contentHash": "rc7vRCq/KD3GtIwSgRtjanGaBwTb9nLenFDZnEcauWlssuuEoxcbMfWA3QWWho6QDMSOSkWjs657McdHzEtEcw=="
      },
      "Castle.Core": {
        "type": "Transitive",
        "resolved": "5.2.1",
        "contentHash": "wHARzQA695jwwKreOzNsq54KiGqKP38tv8hi8e2FXDEC/sA6BtrX90tVPDkOfVu13PbEzr00TCV8coikl+D1Iw=="
      },
      "EPiServer": {
        "type": "Transitive",
        "resolved": "13.0.0-preview2",
        "contentHash": "LUZYSkbNYUgecDBbNb76B9yj5cpDAceIXbcL+QTEo+6fHB8gFkB91k9LqjJARo0l7X2SH26O3ZG7ZlRbOniXKA==",
        "dependencies": {
          "Azure.Identity": "1.15.0",
          "Castle.Core": "[5.2.1, 6.0.0)",
          "EPiServer.ApplicationModules": "[13.0.0-preview2]",
          "EPiServer.Data": "[13.0.0-preview2]",
          "EPiServer.Events": "[13.0.0-preview2]",
          "EPiServer.Framework": "[13.0.0-preview2]",
          "EPiServer.HtmlParsing": "[13.0.0-preview2]",
          "EPiServer.ImageLibrary": "[13.0.0-preview2]",
          "EPiServer.Licensing": "[13.0.0-preview2]",
          "MailKit": "[4.9.0, 5.0.0)",
          "Microsoft.Data.SqlClient": "[6.1.3, 7.0.0)",
          "Microsoft.Extensions.DependencyModel": "10.0.0",
          "Microsoft.IdentityModel.Protocols.OpenIdConnect": "8.15.0",
          "System.Configuration.ConfigurationManager": "10.0.0",
          "System.IO.Packaging": "10.0.0",
          "System.Security.Permissions": "10.0.0"
        }
      },
      "EPiServer.ApplicationModules": {
        "type": "Transitive",
        "resolved": "13.0.0-preview2",
        "contentHash": "L2gfFzsiXPFhAVqgAoU6NEnt3In03qOzAtFY/cwaiK1Z/vdKt+wI0dznv/vUg0ifz38U1yPftmJWc8QPE8Lf+Q==",
        "dependencies": {
          "Azure.Identity": "1.15.0",
          "EPiServer.Data": "[13.0.0-preview2]",
          "EPiServer.Events": "[13.0.0-preview2]",
          "EPiServer.Framework": "[13.0.0-preview2]",
          "EPiServer.Licensing": "[13.0.0-preview2]",
          "Microsoft.Data.SqlClient": "[6.1.3, 7.0.0)",
          "Microsoft.Extensions.DependencyModel": "10.0.0",
          "Microsoft.IdentityModel.Protocols.OpenIdConnect": "8.15.0",
          "System.Configuration.ConfigurationManager": "10.0.0",
          "System.Security.Permissions": "10.0.0"
        }
      },
      "EPiServer.Blobs": {
        "type": "Transitive",
        "resolved": "13.0.0-preview2",
        "contentHash": "eL9L5PRk8UKx2SjLIUcnjcM02cNISAfDAHMw7hTHtug2BeJJvhBGv3lkce0aIDJAmydvMScdQ6zXT/T9fN/r4Q=="
      },
      "EPiServer.Cache": {
        "type": "Transitive",
        "resolved": "13.0.0-preview2",
        "contentHash": "82mwwyuANOSUkz8Dt8pU+s8L4eF22eMrNohkw6GU2IhzOxGnA3exzw4VpX6D62GtQMT3Z1n+umW+lrrXft2saA==",
        "dependencies": {
          "EPiServer.Events": "[13.0.0-preview2]"
        }
      },
      "EPiServer.Data": {
        "type": "Transitive",
        "resolved": "13.0.0-preview2",
        "contentHash": "vBcFlGFhirlfiUIsUHil875yGUICPDejQPnJ3mCmpg+VfyGzubntPPM2pdRRMiRyT+sfEdkOcmg2c1O+J/OALw==",
        "dependencies": {
          "Azure.Identity": "1.15.0",
          "EPiServer.Framework": "[13.0.0-preview2]",
          "Microsoft.Data.SqlClient": "[6.1.3, 7.0.0)",
          "Microsoft.Extensions.DependencyModel": "10.0.0",
          "Microsoft.IdentityModel.Protocols.OpenIdConnect": "8.15.0",
          "System.Configuration.ConfigurationManager": "10.0.0"
        }
      },
      "EPiServer.Enterprise": {
        "type": "Transitive",
        "resolved": "13.0.0-preview2",
        "contentHash": "pF8mNP0B3H1N7qxYzrtAujL4FS9pdXpQlKiTY1PIGk8GMYEsQfgJkFaoGivwGnAKGeOsPjDz3kfYxeJgSs63qg==",
        "dependencies": {
          "Azure.Identity": "1.15.0",
          "Castle.Core": "[5.2.1, 6.0.0)",
          "EPiServer": "[13.0.0-preview2]",
          "MailKit": "[4.9.0, 5.0.0)",
          "Microsoft.Data.SqlClient": "[6.1.3, 7.0.0)",
          "Microsoft.Extensions.DependencyModel": "10.0.0",
          "Microsoft.IdentityModel.Protocols.OpenIdConnect": "8.15.0",
          "System.Configuration.ConfigurationManager": "10.0.0",
          "System.IO.Packaging": "10.0.0",
          "System.Security.Permissions": "10.0.0"
        }
      },
      "EPiServer.Events": {
        "type": "Transitive",
        "resolved": "13.0.0-preview2",
        "contentHash": "YYH3GoZGZTWjt3Pg2RAO7jdW9wElnHvsAilZYV6pZrHY/E/zx8VBOIE3nsggmV8PVtZMffIKUlyUjHf8/d9jlw=="
      },
      "EPiServer.Framework": {
        "type": "Transitive",
        "resolved": "13.0.0-preview2",
        "contentHash": "xOfczljz5X+FXk3d2KxiwKYUB/YzK40zWKCJUCK1Rrp1/w62rJTJsf17BvvA50Fv6iOoUVBzPgALhO1evdrbKg==",
        "dependencies": {
          "EPiServer.Blobs": "[13.0.0-preview2]",
          "EPiServer.Cache": "[13.0.0-preview2]",
          "EPiServer.Logging": "[13.0.0-preview2]",
          "Microsoft.Extensions.DependencyModel": "10.0.0"
        }
      },
      "EPiServer.HtmlParsing": {
        "type": "Transitive",
        "resolved": "13.0.0-preview2",
        "contentHash": "CYtGDugEEVFd+5uhSmbdApIPUcdEJULO2pItojhMFWEJCnxcI7emIowQDKVFPxUSTn4NqPNaw2lsQGVUmZZIaQ=="
      },
      "EPiServer.ImageLibrary": {
        "type": "Transitive",
        "resolved": "13.0.0-preview2",
        "contentHash": "kNGB3DPEap3Q3baIxn/4qxZVolIBhUE/kxLStTwMgEBLrrVSY2IGMgCwtXw6jjuOQrQ4dTCbjyZkBn/Nrd5Csg=="
      },
      "EPiServer.Licensing": {
        "type": "Transitive",
        "resolved": "13.0.0-preview2",
        "contentHash": "IQ2Isyj9RoUpSOwmOutxIKv89M7ZzG/BdyZF/7+PyN4HX8TdABcjAufeL0O2xnE5JHI8pAvI/7fClAZrMbSfSA==",
        "dependencies": {
          "System.Security.Permissions": "10.0.0"
        }
      },
      "EPiServer.LinkAnalyzer": {
        "type": "Transitive",
        "resolved": "13.0.0-preview2",
        "contentHash": "ivKO/f/B1Y0CREPWHsNR9GGCQpE599SBUo/LYN4syotLMOjlgee60iUv1FrHHL4a+J+qeBIIH69fHYrwxdmByg==",
        "dependencies": {
          "Azure.Identity": "1.15.0",
          "Castle.Core": "[5.2.1, 6.0.0)",
          "EPiServer": "[13.0.0-preview2]",
          "MailKit": "[4.9.0, 5.0.0)",
          "Microsoft.Data.SqlClient": "[6.1.3, 7.0.0)",
          "Microsoft.Extensions.DependencyModel": "10.0.0",
          "Microsoft.IdentityModel.Protocols.OpenIdConnect": "8.15.0",
          "System.Configuration.ConfigurationManager": "10.0.0",
          "System.IO.Packaging": "10.0.0",
          "System.Security.Permissions": "10.0.0"
        }
      },
      "EPiServer.Logging": {
        "type": "Transitive",
        "resolved": "13.0.0-preview2",
        "contentHash": "/qEn56Xcx2D49idoAlx1pJvTcQqmHwCNCod8Ym08r4v1AnrdxzjSqhbII07WtL56boLM8sYWXuOjhgzHkLutQg=="
      },
      "MailKit": {
        "type": "Transitive",
        "resolved": "4.9.0",
        "contentHash": "wRUVzYXRWbjdUixwtSp7ivVHPhWw17h+BvwIVaouBike68B56Xk9b5+QRT39EK/QN8XF7MtOgt9caHvUaCvhIQ==",
        "dependencies": {
          "MimeKit": "4.9.0"
        }
      },
      "Microsoft.Bcl.AsyncInterfaces": {
        "type": "Transitive",
        "resolved": "8.0.0",
        "contentHash": "3WA9q9yVqJp222P3x1wYIGDAkpjAku0TMUaaQV22g6L67AI0LdOIrVS7Ht2vJfLHGSPVuqN94vIr15qn+HEkHw=="
      },
      "Microsoft.Bcl.Cryptography": {
        "type": "Transitive",
        "resolved": "9.0.4",
        "contentHash": "YgZYAWzyNuPVtPq6WNm0bqOWNjYaWgl5mBWTGZyNoXitYBUYSp6iUB9AwK0V1mo793qRJUXz2t6UZrWITZSvuQ=="
      },
      "Microsoft.Data.SqlClient": {
        "type": "Transitive",
        "resolved": "6.1.3",
        "contentHash": "ys/z8Tx8074CDU20EilNvBRJuJdwKSthpHkzUpt3JghnjB6GjbZusoOcCtNbhPCCWsEJqN8bxaT7HnS3UZuUDQ==",
        "dependencies": {
          "Azure.Core": "1.47.1",
          "Azure.Identity": "1.14.2",
          "Microsoft.Bcl.Cryptography": "9.0.4",
          "Microsoft.Data.SqlClient.SNI.runtime": "6.0.2",
          "Microsoft.IdentityModel.JsonWebTokens": "7.7.1",
          "Microsoft.IdentityModel.Protocols.OpenIdConnect": "7.7.1",
          "Microsoft.SqlServer.Server": "1.0.0",
          "System.Configuration.ConfigurationManager": "9.0.4",
          "System.Security.Cryptography.Pkcs": "9.0.4"
        }
      },
      "Microsoft.Data.SqlClient.SNI.runtime": {
        "type": "Transitive",
        "resolved": "6.0.2",
        "contentHash": "f+pRODTWX7Y67jXO3T5S2dIPZ9qMJNySjlZT/TKmWVNWe19N8jcWmHaqHnnchaq3gxEKv1SWVY5EFzOD06l41w=="
      },
      "Microsoft.Extensions.DependencyModel": {
        "type": "Transitive",
        "resolved": "10.0.0",
        "contentHash": "RFYJR7APio/BiqdQunRq6DB+nDB6nc2qhHr77mlvZ0q0BT8PubMXN7XicmfzCbrDE/dzhBnUKBRXLTcqUiZDGg=="
      },
      "Microsoft.Identity.Client": {
        "type": "Transitive",
        "resolved": "4.73.1",
        "contentHash": "NnDLS8QwYqO5ZZecL2oioi1LUqjh5Ewk4bMLzbgiXJbQmZhDLtKwLxL3DpGMlQAJ2G4KgEnvGPKa+OOgffeJbw==",
        "dependencies": {
          "Microsoft.IdentityModel.Abstractions": "6.35.0"
        }
      },
      "Microsoft.Identity.Client.Extensions.Msal": {
        "type": "Transitive",
        "resolved": "4.73.1",
        "contentHash": "xDztAiV2F0wI0W8FLKv5cbaBefyLD6JVaAsvgSN7bjWNCzGYzHbcOEIP5s4TJXUpQzMfUyBsFl1mC6Zmgpz0PQ==",
        "dependencies": {
          "Microsoft.Identity.Client": "4.73.1",
          "System.Security.Cryptography.ProtectedData": "4.5.0"
        }
      },
      "Microsoft.IdentityModel.Abstractions": {
        "type": "Transitive",
        "resolved": "8.15.0",
        "contentHash": "e/DApa1GfxUqHSBHcpiQg8yaghKAvFVBQFcWh25jNoRobDZbduTUACY8bZ54eeGWXvimGmEDdF0zkS5Dq16XPQ=="
      },
      "Microsoft.IdentityModel.JsonWebTokens": {
        "type": "Transitive",
        "resolved": "8.15.0",
        "contentHash": "3513f5VzvOZy3ELd42wGnh1Q3e83tlGAuXFSNbENpgWYoAhLLzgFtd5PiaOPGAU0gqKhYGVzKavghLUGfX3HQg==",
        "dependencies": {
          "Microsoft.IdentityModel.Tokens": "8.15.0"
        }
      },
      "Microsoft.IdentityModel.Logging": {
        "type": "Transitive",
        "resolved": "8.15.0",
        "contentHash": "1gJLjhy0LV2RQMJ9NGzi5Tnb2l+c37o8D8Lrk2mrvmb6OQHZ7XJstd/XxvncXgBpad4x9CGXdipbZzJJCXKyAg==",
        "dependencies": {
          "Microsoft.IdentityModel.Abstractions": "8.15.0"
        }
      },
      "Microsoft.IdentityModel.Protocols": {
        "type": "Transitive",
        "resolved": "8.15.0",
        "contentHash": "n4t/m/zpd8rx/nqMqnKmbDqDjqy404JQ+3TYrSXEn7Otw5Vfg6Hmk3tK8SyeAlTzLGC1gVrjt9awPFVBE1tUGQ==",
        "dependencies": {
          "Microsoft.IdentityModel.Tokens": "8.15.0"
        }
      },
      "Microsoft.IdentityModel.Protocols.OpenIdConnect": {
        "type": "Transitive",
        "resolved": "8.15.0",
        "contentHash": "uJ5cHsTHRqx/1W68Gz/7hqUgudai1CXnokIXTQw+ZI1o3hWuhQa1vgSzXX9+IAkOJ/gP+M590Fg3WTwqglJghg==",
        "dependencies": {
          "Microsoft.IdentityModel.Protocols": "8.15.0",
          "System.IdentityModel.Tokens.Jwt": "8.15.0"
        }
      },
      "Microsoft.IdentityModel.Tokens": {
        "type": "Transitive",
        "resolved": "8.15.0",
        "contentHash": "zUE9ysJXBtXlHHRtcRK3Sp8NzdCI1z/BRDTXJQ2TvBoI0ENRtnufYIep0O5TSCJRJGDwwuLTUx+l/bEYZUxpCA==",
        "dependencies": {
          "Microsoft.IdentityModel.Logging": "8.15.0"
        }
      },
      "Microsoft.SqlServer.Server": {
        "type": "Transitive",
        "resolved": "1.0.0",
        "contentHash": "N4KeF3cpcm1PUHym1RmakkzfkEv3GRMyofVv40uXsQhCQeglr2OHNcUk2WOG51AKpGO8ynGpo9M/kFXSzghwug=="
      },
      "MimeKit": {
        "type": "Transitive",
        "resolved": "4.9.0",
        "contentHash": "DZXXMZzmAABDxFhOSMb6SE8KKxcRd/sk1E6aJTUE5ys2FWOQhznYV2Gl3klaaSfqKn27hQ32haqquH1J8Z6kJw==",
        "dependencies": {
          "BouncyCastle.Cryptography": "2.5.0",
          "System.Security.Cryptography.Pkcs": "8.0.1"
        }
      },
      "System.ClientModel": {
        "type": "Transitive",
        "resolved": "1.5.1",
        "contentHash": "k2jKSO0X45IqhVOT9iQB4xralNN9foRQsRvXBTyRpAVxyzCJlG895T9qYrQWbcJ6OQXxOouJQ37x5nZH5XKK+A==",
        "dependencies": {
          "System.Memory.Data": "8.0.1"
        }
      },
      "System.Configuration.ConfigurationManager": {
        "type": "Transitive",
        "resolved": "10.0.0",
        "contentHash": "0B+BzJ6pPMrRzJrVsttKf9MfDj6Syw9xoY+agcS9VssYQali1446+jTf5v1K94AMFUBxLXqDZlaTjO5edaI3jA==",
        "dependencies": {
          "System.Security.Cryptography.ProtectedData": "10.0.0"
        }
      },
      "System.IdentityModel.Tokens.Jwt": {
        "type": "Transitive",
        "resolved": "8.15.0",
        "contentHash": "dpodi7ixz6hxK8YCBYAWzm0IA8JYXoKcz0hbCbNifo519//rjUI0fBD8rfNr+IGqq+2gm4oQoXwHk09LX5SqqQ==",
        "dependencies": {
          "Microsoft.IdentityModel.JsonWebTokens": "8.15.0",
          "Microsoft.IdentityModel.Tokens": "8.15.0"
        }
      },
      "System.IO.Packaging": {
        "type": "Transitive",
        "resolved": "10.0.0",
        "contentHash": "b9T8htKhiQ1ufCLhLQdb5NPGvhUSnT2/5GXMbaB7xk1dxMB17dGVMA4D6hpavyeSW97blOfYfTaAcSz4o2mQBA=="
      },
      "System.Memory.Data": {
        "type": "Transitive",
        "resolved": "8.0.1",
        "contentHash": "BVYuec3jV23EMRDeR7Dr1/qhx7369dZzJ9IWy2xylvb4YfXsrUxspWc4UWYid/tj4zZK58uGZqn2WQiaDMhmAg=="
      },
      "System.Security.Cryptography.Pkcs": {
        "type": "Transitive",
        "resolved": "9.0.4",
        "contentHash": "cUFTcMlz/Qw9s90b2wnWSCvHdjv51Bau9FQqhsr4TlwSe1OX+7SoXUqphis5G74MLOvMOCghxPPlEqOdCrVVGA=="
      },
      "System.Security.Cryptography.ProtectedData": {
        "type": "Transitive",
        "resolved": "10.0.0",
        "contentHash": "qy6C3gQRTrfhFfuiIYU1jNwWfFdJpBVo1BARW7jgMm1zTEm3LRzLLyOLJGaAuKE+nZCGkEP71y4rj9NWjqLGdQ=="
      },
      "System.Security.Permissions": {
        "type": "Transitive",
        "resolved": "10.0.0",
        "contentHash": "phfAYbiBkzdAF9ps7rJ8PQ3h52uY4xOnBs6Wern+ljdz3Fq3YIUezZDQIXl6+p8sbotkzltvESq+7PglxlEyuw==",
        "dependencies": {
          "System.Windows.Extensions": "10.0.0"
        }
      },
      "System.Windows.Extensions": {
        "type": "Transitive",
        "resolved": "10.0.0",
        "contentHash": "W2xPfgCUO83kPEtfkSsXpHT9KX4YiajDgtuJhjfOY18u58vMGyoBG44QIQCs2nTugmzsm506S/ur29k1WpE9+w=="
      },
      "Azure.Identity": {
        "type": "CentralTransitive",
        "requested": "[1.15.0, )",
        "resolved": "1.15.0",
        "contentHash": "tvJVy5s8VdsAYHIcBw1KrwDTcTWr2K5fG5o/xEJ2zU3+QUViDx/utut83+fGoB/bcBspxuC6wG650GwAUkU2UQ==",
        "dependencies": {
          "Azure.Core": "1.47.1",
          "Microsoft.Identity.Client": "4.73.1",
          "Microsoft.Identity.Client.Extensions.Msal": "4.73.1"
        }
      }
    }
  }
}