{
  "version": 2,
  "dependencies": {
    "net10.0": {
      "Azure.Storage.Blobs": {
        "type": "Direct",
        "requested": "[12.11.0, 13.0.0)",
        "resolved": "12.11.0",
        "contentHash": "50eRjIhY7Q1JN7kT2MSawDKCcwSb7uRZUkz00P/BLjSg47gm2hxUYsnJPyvzCHntYMbOWzrvaVQTwYwXabaR5Q==",
        "dependencies": {
          "Azure.Storage.Common": "12.10.0"
        }
      },
      "GitVersion.MsBuild": {
        "type": "Direct",
        "requested": "[6.5.0, )",
        "resolved": "6.5.0",
        "contentHash": "OYBNhjZd8GcUusZWkoVCSFNujzG9fINpWi59YCax+6DXLJciu1RNC+TXSspgrACR6FMUdVDNqKNMHzB7B+X+jQ=="
      },
      "Microsoft.Extensions.Azure": {
        "type": "Direct",
        "requested": "[1.0.0, 2.0.0)",
        "resolved": "1.0.0",
        "contentHash": "3mKCSxklqThrGg7UQrgf2cw6z+QWWit4SvOvTI5m6TvqfuqLvJqwmrg/9i6N8Ncs0dUoue2Tdp+GcnqHrFTDXA==",
        "dependencies": {
          "Azure.Core": "1.0.0",
          "Azure.Identity": "1.0.0",
          "Microsoft.Extensions.Configuration.Abstractions": "2.1.0",
          "Microsoft.Extensions.Configuration.Binder": "2.1.0",
          "Microsoft.Extensions.DependencyInjection.Abstractions": "2.1.0",
          "Microsoft.Extensions.Logging.Abstractions": "2.1.0",
          "Microsoft.Extensions.Options": "2.1.0"
        }
      },
      "Azure.Core": {
        "type": "Transitive",
        "resolved": "1.22.0",
        "contentHash": "ze/xRCHSSDe5TIk5vBDbVrauW1EN7UIbnBvIBfMH8KSt/I9+/7yPAjTBDgNBk0IwG6WBV+BBHp4IUtS/PGAQwQ==",
        "dependencies": {
          "Microsoft.Bcl.AsyncInterfaces": "1.1.1",
          "System.Memory.Data": "1.0.2"
        }
      },
      "Azure.Identity": {
        "type": "Transitive",
        "resolved": "1.0.0",
        "contentHash": "3VyxRL2NA5kSzLz+PJwpZN+Kv/bnh3dy0PISgAAXbRK1EX0wWU3BiIh55vmx9lvUyneWGzVks9F7bygq7Q7qkw==",
        "dependencies": {
          "Azure.Core": "1.0.0",
          "Microsoft.Identity.Client": "4.1.0",
          "System.Security.Cryptography.ProtectedData": "4.5.0"
        }
      },
      "Azure.Storage.Common": {
        "type": "Transitive",
        "resolved": "12.10.0",
        "contentHash": "vYkHGzUkdZTace/cDPZLG+Mh/EoPqQuGxDIBOau9D+XWoDPmuUFGk325aXplkFE4JFGpSwoytNYzk/qBCaiHqg==",
        "dependencies": {
          "Azure.Core": "1.22.0",
          "System.IO.Hashing": "6.0.0"
        }
      },
      "Microsoft.Bcl.AsyncInterfaces": {
        "type": "Transitive",
        "resolved": "1.1.1",
        "contentHash": "yuvf07qFWFqtK3P/MRkEKLhn5r2UbSpVueRziSqj0yJQIKFwG1pq9mOayK3zE5qZCTs0CbrwL9M6R8VwqyGy2w=="
      },
      "Microsoft.Extensions.Configuration": {
        "type": "Transitive",
        "resolved": "2.1.0",
        "contentHash": "SS8ce1GYQTkZoOq5bskqQ+m7xiXQjnKRiGfVNZkkX2SX0HpXNRsKnSUaywRRuCje3v2KT9xeacsM3J9/G2exsQ==",
        "dependencies": {
          "Microsoft.Extensions.Configuration.Abstractions": "2.1.0"
        }
      },
      "Microsoft.Extensions.Configuration.Abstractions": {
        "type": "Transitive",
        "resolved": "2.1.0",
        "contentHash": "lMmUjAKvY9r6QmxCS15iSb6ulhwnh0zp44NtnVJ+HIDLFmu4iej41U+dU58On8NRezmlgRXiQtLnBeZSzYNKQg==",
        "dependencies": {
          "Microsoft.Extensions.Primitives": "2.1.0"
        }
      },
      "Microsoft.Extensions.Configuration.Binder": {
        "type": "Transitive",
        "resolved": "2.1.0",
        "contentHash": "Fls0O54Ielz1DiVYpcmiUpeizN1iKGGI5yAWAoShfmUvMcQ8jAGOK1a+DaflHA5hN9IOKvmSos0yewDYAIY0ZA==",
        "dependencies": {
          "Microsoft.Extensions.Configuration": "2.1.0"
        }
      },
      "Microsoft.Extensions.DependencyInjection.Abstractions": {
        "type": "Transitive",
        "resolved": "2.1.0",
        "contentHash": "8/CtASu80UIoyG+r8FstrmZW5GLtXxzoYpjj3jV0FKZCL5CiFgSH3pAmqut/dC68mu7N1bU6v0UtKKL3gCUQGQ=="
      },
      "Microsoft.Extensions.Logging.Abstractions": {
        "type": "Transitive",
        "resolved": "2.1.0",
        "contentHash": "GfD2VtvN9z1W+m6pZZe98yh9VWTSdNY2dZSxtca9uFIY6aBI6twvskMvLO/ktClBOTQmAov/7Em+IWFlHepa0A=="
      },
      "Microsoft.Extensions.Options": {
        "type": "Transitive",
        "resolved": "2.1.0",
        "contentHash": "VOM1pPMi9+7/4Vc9aPLU8btHOBQy1+AvpqxLxFI2OVtqGv+1klPaV59g9R6aSt2U7ijfB3TjvAO4Tc/cn9/hxA==",
        "dependencies": {
          "Microsoft.Extensions.DependencyInjection.Abstractions": "2.1.0",
          "Microsoft.Extensions.Primitives": "2.1.0"
        }
      },
      "Microsoft.Extensions.Primitives": {
        "type": "Transitive",
        "resolved": "2.1.0",
        "contentHash": "gMwH6wgWOPfyfLfMLEP+ZF7/MSJq35e0xxKEYUjt8veEznY45nBVqdfI876+9SFQq2ChcqKf2UyYc2XYj2v27w=="
      },
      "Microsoft.Identity.Client": {
        "type": "Transitive",
        "resolved": "4.1.0",
        "contentHash": "mrgnNTt8nsz9RcDINzTKsqy9uWLqhSuBaD090E4imgKg7FYOrwb3kW/dXG7dvJBUCMeXGG+1LbsDBWSu26ObiA=="
      },
      "System.IO.Hashing": {
        "type": "Transitive",
        "resolved": "6.0.0",
        "contentHash": "Rfm2jYCaUeGysFEZjDe7j1R4x6Z6BzumS/vUT5a1AA/AWJuGX71PoGB0RmpyX3VmrGqVnAwtfMn39OHR8Y/5+g=="
      },
      "System.Memory.Data": {
        "type": "Transitive",
        "resolved": "1.0.2",
        "contentHash": "JGkzeqgBsiZwKJZ1IxPNsDFZDhUvuEdX8L8BDC8N3KOj+6zMcNU28CNN59TpZE/VJYy9cP+5M+sbxtWJx3/xtw=="
      },
      "System.Security.Cryptography.ProtectedData": {
        "type": "Transitive",
        "resolved": "4.5.0",
        "contentHash": "wLBKzFnDCxP12VL9ANydSYhk59fC4cvOr9ypYQLPnAj48NQIhqnjdD2yhP8yEKyBJEjERWS9DisKL7rX5eU25Q=="
      },
      "davidhome.rssfeed.contracts": {
        "type": "Project",
        "dependencies": {
          "DavidHome.RssFeed.Models": "[1.0.0, )",
          "System.ServiceModel.Syndication": "[8.0.0, )"
        }
      },
      "davidhome.rssfeed.models": {
        "type": "Project",
        "dependencies": {
          "System.ServiceModel.Syndication": "[8.0.0, )"
        }
      },
      "System.ServiceModel.Syndication": {
        "type": "CentralTransitive",
        "requested": "[8.0.0, )",
        "resolved": "8.0.0",
        "contentHash": "CJxIUwpBkMCPmIx46tFVOt0zpRrYurUHLW6tJBcmyj+MyWpKc6MMcS69B7IdlV/bgtgys073wMIHZX9QOQ1OFA=="
      }
    },
    "net8.0": {
      "Azure.Storage.Blobs": {
        "type": "Direct",
        "requested": "[12.11.0, 13.0.0)",
        "resolved": "12.11.0",
        "contentHash": "50eRjIhY7Q1JN7kT2MSawDKCcwSb7uRZUkz00P/BLjSg47gm2hxUYsnJPyvzCHntYMbOWzrvaVQTwYwXabaR5Q==",
        "dependencies": {
          "Azure.Storage.Common": "12.10.0"
        }
      },
      "GitVersion.MsBuild": {
        "type": "Direct",
        "requested": "[6.5.0, )",
        "resolved": "6.5.0",
        "contentHash": "OYBNhjZd8GcUusZWkoVCSFNujzG9fINpWi59YCax+6DXLJciu1RNC+TXSspgrACR6FMUdVDNqKNMHzB7B+X+jQ=="
      },
      "Microsoft.Extensions.Azure": {
        "type": "Direct",
        "requested": "[1.0.0, 2.0.0)",
        "resolved": "1.0.0",
        "contentHash": "3mKCSxklqThrGg7UQrgf2cw6z+QWWit4SvOvTI5m6TvqfuqLvJqwmrg/9i6N8Ncs0dUoue2Tdp+GcnqHrFTDXA==",
        "dependencies": {
          "Azure.Core": "1.0.0",
          "Azure.Identity": "1.0.0",
          "Microsoft.Extensions.Configuration.Abstractions": "2.1.0",
          "Microsoft.Extensions.Configuration.Binder": "2.1.0",
          "Microsoft.Extensions.DependencyInjection.Abstractions": "2.1.0",
          "Microsoft.Extensions.Logging.Abstractions": "2.1.0",
          "Microsoft.Extensions.Options": "2.1.0"
        }
      },
      "Azure.Core": {
        "type": "Transitive",
        "resolved": "1.22.0",
        "contentHash": "ze/xRCHSSDe5TIk5vBDbVrauW1EN7UIbnBvIBfMH8KSt/I9+/7yPAjTBDgNBk0IwG6WBV+BBHp4IUtS/PGAQwQ==",
        "dependencies": {
          "Microsoft.Bcl.AsyncInterfaces": "1.1.1",
          "System.Memory.Data": "1.0.2"
        }
      },
      "Azure.Identity": {
        "type": "Transitive",
        "resolved": "1.0.0",
        "contentHash": "3VyxRL2NA5kSzLz+PJwpZN+Kv/bnh3dy0PISgAAXbRK1EX0wWU3BiIh55vmx9lvUyneWGzVks9F7bygq7Q7qkw==",
        "dependencies": {
          "Azure.Core": "1.0.0",
          "Microsoft.Identity.Client": "4.1.0",
          "System.Security.Cryptography.ProtectedData": "4.5.0"
        }
      },
      "Azure.Storage.Common": {
        "type": "Transitive",
        "resolved": "12.10.0",
        "contentHash": "vYkHGzUkdZTace/cDPZLG+Mh/EoPqQuGxDIBOau9D+XWoDPmuUFGk325aXplkFE4JFGpSwoytNYzk/qBCaiHqg==",
        "dependencies": {
          "Azure.Core": "1.22.0",
          "System.IO.Hashing": "6.0.0"
        }
      },
      "Microsoft.Bcl.AsyncInterfaces": {
        "type": "Transitive",
        "resolved": "1.1.1",
        "contentHash": "yuvf07qFWFqtK3P/MRkEKLhn5r2UbSpVueRziSqj0yJQIKFwG1pq9mOayK3zE5qZCTs0CbrwL9M6R8VwqyGy2w=="
      },
      "Microsoft.Extensions.Configuration": {
        "type": "Transitive",
        "resolved": "2.1.0",
        "contentHash": "SS8ce1GYQTkZoOq5bskqQ+m7xiXQjnKRiGfVNZkkX2SX0HpXNRsKnSUaywRRuCje3v2KT9xeacsM3J9/G2exsQ==",
        "dependencies": {
          "Microsoft.Extensions.Configuration.Abstractions": "2.1.0"
        }
      },
      "Microsoft.Extensions.Configuration.Abstractions": {
        "type": "Transitive",
        "resolved": "2.1.0",
        "contentHash": "lMmUjAKvY9r6QmxCS15iSb6ulhwnh0zp44NtnVJ+HIDLFmu4iej41U+dU58On8NRezmlgRXiQtLnBeZSzYNKQg==",
        "dependencies": {
          "Microsoft.Extensions.Primitives": "2.1.0"
        }
      },
      "Microsoft.Extensions.Configuration.Binder": {
        "type": "Transitive",
        "resolved": "2.1.0",
        "contentHash": "Fls0O54Ielz1DiVYpcmiUpeizN1iKGGI5yAWAoShfmUvMcQ8jAGOK1a+DaflHA5hN9IOKvmSos0yewDYAIY0ZA==",
        "dependencies": {
          "Microsoft.Extensions.Configuration": "2.1.0"
        }
      },
      "Microsoft.Extensions.DependencyInjection.Abstractions": {
        "type": "Transitive",
        "resolved": "2.1.0",
        "contentHash": "8/CtASu80UIoyG+r8FstrmZW5GLtXxzoYpjj3jV0FKZCL5CiFgSH3pAmqut/dC68mu7N1bU6v0UtKKL3gCUQGQ=="
      },
      "Microsoft.Extensions.Logging.Abstractions": {
        "type": "Transitive",
        "resolved": "2.1.0",
        "contentHash": "GfD2VtvN9z1W+m6pZZe98yh9VWTSdNY2dZSxtca9uFIY6aBI6twvskMvLO/ktClBOTQmAov/7Em+IWFlHepa0A=="
      },
      "Microsoft.Extensions.Options": {
        "type": "Transitive",
        "resolved": "2.1.0",
        "contentHash": "VOM1pPMi9+7/4Vc9aPLU8btHOBQy1+AvpqxLxFI2OVtqGv+1klPaV59g9R6aSt2U7ijfB3TjvAO4Tc/cn9/hxA==",
        "dependencies": {
          "Microsoft.Extensions.DependencyInjection.Abstractions": "2.1.0",
          "Microsoft.Extensions.Primitives": "2.1.0"
        }
      },
      "Microsoft.Extensions.Primitives": {
        "type": "Transitive",
        "resolved": "2.1.0",
        "contentHash": "gMwH6wgWOPfyfLfMLEP+ZF7/MSJq35e0xxKEYUjt8veEznY45nBVqdfI876+9SFQq2ChcqKf2UyYc2XYj2v27w=="
      },
      "Microsoft.Identity.Client": {
        "type": "Transitive",
        "resolved": "4.1.0",
        "contentHash": "mrgnNTt8nsz9RcDINzTKsqy9uWLqhSuBaD090E4imgKg7FYOrwb3kW/dXG7dvJBUCMeXGG+1LbsDBWSu26ObiA=="
      },
      "System.IO.Hashing": {
        "type": "Transitive",
        "resolved": "6.0.0",
        "contentHash": "Rfm2jYCaUeGysFEZjDe7j1R4x6Z6BzumS/vUT5a1AA/AWJuGX71PoGB0RmpyX3VmrGqVnAwtfMn39OHR8Y/5+g=="
      },
      "System.Memory.Data": {
        "type": "Transitive",
        "resolved": "1.0.2",
        "contentHash": "JGkzeqgBsiZwKJZ1IxPNsDFZDhUvuEdX8L8BDC8N3KOj+6zMcNU28CNN59TpZE/VJYy9cP+5M+sbxtWJx3/xtw=="
      },
      "System.Security.Cryptography.ProtectedData": {
        "type": "Transitive",
        "resolved": "4.5.0",
        "contentHash": "wLBKzFnDCxP12VL9ANydSYhk59fC4cvOr9ypYQLPnAj48NQIhqnjdD2yhP8yEKyBJEjERWS9DisKL7rX5eU25Q=="
      },
      "davidhome.rssfeed.contracts": {
        "type": "Project",
        "dependencies": {
          "DavidHome.RssFeed.Models": "[1.0.0, )",
          "System.ServiceModel.Syndication": "[8.0.0, )"
        }
      },
      "davidhome.rssfeed.models": {
        "type": "Project",
        "dependencies": {
          "System.ServiceModel.Syndication": "[8.0.0, )"
        }
      },
      "System.ServiceModel.Syndication": {
        "type": "CentralTransitive",
        "requested": "[8.0.0, )",
        "resolved": "8.0.0",
        "contentHash": "CJxIUwpBkMCPmIx46tFVOt0zpRrYurUHLW6tJBcmyj+MyWpKc6MMcS69B7IdlV/bgtgys073wMIHZX9QOQ1OFA=="
      }
    }
  }
}